
Microsoft Visual Studio Solution File, Format Version 12.00
# Visual Studio 2013
VisualStudioVersion = 12.0.31101.0
MinimumVisualStudioVersion = 10.0.40219.1
Project("{2150E333-8FDC-42A3-9474-1A3956D46DE8}") = "Solution Items", "Solution Items", "{79F36A47-30CF-4FEB-ADA5-BE09B05AF9D6}"
	ProjectSection(SolutionItems) = preProject
		all.build = all.build
		..\wiki\ChangeHistory.wiki = ..\wiki\ChangeHistory.wiki
		Nuget\protobuf-net.nuspec = Nuget\protobuf-net.nuspec
		StartHere.txt = StartHere.txt
		What Files Do I Need.txt = What Files Do I Need.txt
	EndProjectSection
EndProject
Project("{2150E333-8FDC-42A3-9474-1A3956D46DE8}") = "AltBuilds", "AltBuilds", "{71D3E579-BBA2-4020-B3F2-804481770FD2}"
	ProjectSection(SolutionItems) = preProject
		all.build = all.build
		Tools\bcl.proto = Tools\bcl.proto
		Nuget\protobuf-net.nuspec = Nuget\protobuf-net.nuspec
	EndProjectSection
EndProject
Project("{2150E333-8FDC-42A3-9474-1A3956D46DE8}") = "Samples", "Samples", "{58597FF0-C3FC-4D16-9004-1CFBA924161C}"
EndProject
Project("{2150E333-8FDC-42A3-9474-1A3956D46DE8}") = "CodeGen", "CodeGen", "{E769FD52-855E-4FD1-A3D5-C86209E4B692}"
EndProject
Project("{2150E333-8FDC-42A3-9474-1A3956D46DE8}") = "Core", "Core", "{A923E15B-C9C7-4A7A-8211-8AEDA2F3F68F}"
EndProject
Project("{2150E333-8FDC-42A3-9474-1A3956D46DE8}") = "WcfEndpoint", "WcfEndpoint", "{A3717935-081E-4338-A50B-DCF0B28D7464}"
	ProjectSection(SolutionItems) = preProject
		Info.txt = Info.txt
	EndProjectSection
EndProject
Project("{2150E333-8FDC-42A3-9474-1A3956D46DE8}") = "Experimental", "Experimental", "{E09E61AC-1C52-43EE-8C36-4BA33498EFE0}"
EndProject
Project("{2150E333-8FDC-42A3-9474-1A3956D46DE8}") = ".nuget", ".nuget", "{7754B31E-246D-4D0E-B7D9-6CB20A896A9D}"
	ProjectSection(SolutionItems) = preProject
		.nuget\packages.config = .nuget\packages.config
	EndProjectSection
EndProject
Project("{FAE04EC0-301F-11D3-BF4B-00C04F79EFBC}") = "protobuf-net", "protobuf-net\protobuf-net.csproj", "{8374E4D7-2A91-48F1-9360-09B09CF27C3F}"
EndProject
Project("{FAE04EC0-301F-11D3-BF4B-00C04F79EFBC}") = "QuickStart", "QuickStart\QuickStart.csproj", "{65A793DB-49B9-4563-B028-BDF958A915CE}"
EndProject
Project("{FAE04EC0-301F-11D3-BF4B-00C04F79EFBC}") = "ProtoGen", "ProtoGen\ProtoGen.csproj", "{F6CBE303-3B5F-4CCC-B0B7-D81A6BD462C9}"
EndProject
Project("{FAE04EC0-301F-11D3-BF4B-00C04F79EFBC}") = "LateLoaded", "LateLoaded\LateLoaded.csproj", "{E1EB9E1A-8BC0-4DA8-983A-6896F523BEE3}"
EndProject
Project("{FAE04EC0-301F-11D3-BF4B-00C04F79EFBC}") = "protobuf-net.Extensions", "protobuf-net.Extensions\protobuf-net.Extensions.csproj", "{927AB924-08B5-4629-B505-3BC78A61B0D6}"
EndProject
Project("{FAE04EC0-301F-11D3-BF4B-00C04F79EFBC}") = "TestWcfServer", "TestWcfServer\TestWcfServer.csproj", "{C89574F5-DC36-41D7-8F83-4100C58A9441}"
EndProject
Project("{FAE04EC0-301F-11D3-BF4B-00C04F79EFBC}") = "protobuf-net.unittest", "protobuf-net.unittest\protobuf-net.unittest.csproj", "{7ABED973-7C99-4884-A2AE-96AF4658100C}"
EndProject
Project("{FAE04EC0-301F-11D3-BF4B-00C04F79EFBC}") = "SampleDto", "SampleDto\SampleDto.csproj", "{8D53345D-C5D6-4510-8FDB-B6D8A63D65AE}"
EndProject
Project("{FAE04EC0-301F-11D3-BF4B-00C04F79EFBC}") = "DataTableSerializer", "DataTableSerializer\DataTableSerializer.csproj", "{78DC3F04-B2DA-47E6-98BE-84A6223D8FF6}"
EndProject
Project("{FAE04EC0-301F-11D3-BF4B-00C04F79EFBC}") = "precompile", "precompile\precompile.csproj", "{2EA60052-319B-4079-8DA1-4D65853A9A76}"
EndProject
Project("{FAE04EC0-301F-11D3-BF4B-00C04F79EFBC}") = "precompile.tests", "precompile.tests\precompile.tests.csproj", "{FBD093C6-88A2-4A4B-BBA9-D25691F77DBA}"
EndProject
Project("{FAE04EC0-301F-11D3-BF4B-00C04F79EFBC}") = "SignedDto", "SignedDto\SignedDto.csproj", "{BBC5D1E9-894F-4F41-B188-B21A2C7668AA}"
EndProject
Global
	GlobalSection(SolutionConfigurationPlatforms) = preSolution
		CoreOnly|Any CPU = CoreOnly|Any CPU
		CoreOnly|ARM = CoreOnly|ARM
		CoreOnly|Mixed Platforms = CoreOnly|Mixed Platforms
		CoreOnly|x64 = CoreOnly|x64
		CoreOnly|x86 = CoreOnly|x86
		Debug|Any CPU = Debug|Any CPU
		Debug|ARM = Debug|ARM
		Debug|Mixed Platforms = Debug|Mixed Platforms
		Debug|x64 = Debug|x64
		Debug|x86 = Debug|x86
		iOS|Any CPU = iOS|Any CPU
		iOS|ARM = iOS|ARM
		iOS|Mixed Platforms = iOS|Mixed Platforms
		iOS|x64 = iOS|x64
		iOS|x86 = iOS|x86
		Net20|Any CPU = Net20|Any CPU
		Net20|ARM = Net20|ARM
		Net20|Mixed Platforms = Net20|Mixed Platforms
		Net20|x64 = Net20|x64
		Net20|x86 = Net20|x86
		Profile|Any CPU = Profile|Any CPU
		Profile|ARM = Profile|ARM
		Profile|Mixed Platforms = Profile|Mixed Platforms
		Profile|x64 = Profile|x64
		Profile|x86 = Profile|x86
		Release|Any CPU = Release|Any CPU
		Release|ARM = Release|ARM
		Release|Mixed Platforms = Release|Mixed Platforms
		Release|x64 = Release|x64
		Release|x86 = Release|x86
		Silverlight2|Any CPU = Silverlight2|Any CPU
		Silverlight2|ARM = Silverlight2|ARM
		Silverlight2|Mixed Platforms = Silverlight2|Mixed Platforms
		Silverlight2|x64 = Silverlight2|x64
		Silverlight2|x86 = Silverlight2|x86
		Unity|Any CPU = Unity|Any CPU
		Unity|ARM = Unity|ARM
		Unity|Mixed Platforms = Unity|Mixed Platforms
		Unity|x64 = Unity|x64
		Unity|x86 = Unity|x86
	EndGlobalSection
	GlobalSection(ProjectConfigurationPlatforms) = postSolution
		{8374E4D7-2A91-48F1-9360-09B09CF27C3F}.CoreOnly|Any CPU.ActiveCfg = CoreOnly|Any CPU
		{8374E4D7-2A91-48F1-9360-09B09CF27C3F}.CoreOnly|Any CPU.Build.0 = CoreOnly|Any CPU
		{8374E4D7-2A91-48F1-9360-09B09CF27C3F}.CoreOnly|ARM.ActiveCfg = CoreOnly|Any CPU
		{8374E4D7-2A91-48F1-9360-09B09CF27C3F}.CoreOnly|Mixed Platforms.ActiveCfg = CoreOnly|Any CPU
		{8374E4D7-2A91-48F1-9360-09B09CF27C3F}.CoreOnly|Mixed Platforms.Build.0 = CoreOnly|Any CPU
		{8374E4D7-2A91-48F1-9360-09B09CF27C3F}.CoreOnly|x64.ActiveCfg = CoreOnly|Any CPU
		{8374E4D7-2A91-48F1-9360-09B09CF27C3F}.CoreOnly|x86.ActiveCfg = CoreOnly|Any CPU
		{8374E4D7-2A91-48F1-9360-09B09CF27C3F}.Debug|Any CPU.ActiveCfg = Debug|Any CPU
		{8374E4D7-2A91-48F1-9360-09B09CF27C3F}.Debug|Any CPU.Build.0 = Debug|Any CPU
		{8374E4D7-2A91-48F1-9360-09B09CF27C3F}.Debug|ARM.ActiveCfg = Debug|Any CPU
		{8374E4D7-2A91-48F1-9360-09B09CF27C3F}.Debug|Mixed Platforms.ActiveCfg = Debug|Any CPU
		{8374E4D7-2A91-48F1-9360-09B09CF27C3F}.Debug|Mixed Platforms.Build.0 = Debug|Any CPU
		{8374E4D7-2A91-48F1-9360-09B09CF27C3F}.Debug|x64.ActiveCfg = Debug|Any CPU
		{8374E4D7-2A91-48F1-9360-09B09CF27C3F}.Debug|x86.ActiveCfg = Debug|Any CPU
		{8374E4D7-2A91-48F1-9360-09B09CF27C3F}.iOS|Any CPU.ActiveCfg = iOS|Any CPU
		{8374E4D7-2A91-48F1-9360-09B09CF27C3F}.iOS|Any CPU.Build.0 = iOS|Any CPU
		{8374E4D7-2A91-48F1-9360-09B09CF27C3F}.iOS|ARM.ActiveCfg = iOS|Any CPU
		{8374E4D7-2A91-48F1-9360-09B09CF27C3F}.iOS|Mixed Platforms.ActiveCfg = iOS|Any CPU
		{8374E4D7-2A91-48F1-9360-09B09CF27C3F}.iOS|Mixed Platforms.Build.0 = iOS|Any CPU
		{8374E4D7-2A91-48F1-9360-09B09CF27C3F}.iOS|x64.ActiveCfg = iOS|Any CPU
		{8374E4D7-2A91-48F1-9360-09B09CF27C3F}.iOS|x86.ActiveCfg = iOS|Any CPU
		{8374E4D7-2A91-48F1-9360-09B09CF27C3F}.Net20|Any CPU.ActiveCfg = Net20|Any CPU
		{8374E4D7-2A91-48F1-9360-09B09CF27C3F}.Net20|Any CPU.Build.0 = Net20|Any CPU
		{8374E4D7-2A91-48F1-9360-09B09CF27C3F}.Net20|ARM.ActiveCfg = Net20|Any CPU
		{8374E4D7-2A91-48F1-9360-09B09CF27C3F}.Net20|Mixed Platforms.ActiveCfg = Net20|Any CPU
		{8374E4D7-2A91-48F1-9360-09B09CF27C3F}.Net20|Mixed Platforms.Build.0 = Net20|Any CPU
		{8374E4D7-2A91-48F1-9360-09B09CF27C3F}.Net20|x64.ActiveCfg = Net20|Any CPU
		{8374E4D7-2A91-48F1-9360-09B09CF27C3F}.Net20|x86.ActiveCfg = Net20|Any CPU
		{8374E4D7-2A91-48F1-9360-09B09CF27C3F}.Profile|Any CPU.ActiveCfg = Profile|Any CPU
		{8374E4D7-2A91-48F1-9360-09B09CF27C3F}.Profile|Any CPU.Build.0 = Profile|Any CPU
		{8374E4D7-2A91-48F1-9360-09B09CF27C3F}.Profile|ARM.ActiveCfg = Profile|Any CPU
		{8374E4D7-2A91-48F1-9360-09B09CF27C3F}.Profile|Mixed Platforms.ActiveCfg = Profile|Any CPU
		{8374E4D7-2A91-48F1-9360-09B09CF27C3F}.Profile|Mixed Platforms.Build.0 = Profile|Any CPU
		{8374E4D7-2A91-48F1-9360-09B09CF27C3F}.Profile|x64.ActiveCfg = Profile|Any CPU
		{8374E4D7-2A91-48F1-9360-09B09CF27C3F}.Profile|x86.ActiveCfg = Profile|Any CPU
		{8374E4D7-2A91-48F1-9360-09B09CF27C3F}.Release|Any CPU.ActiveCfg = Release|Any CPU
		{8374E4D7-2A91-48F1-9360-09B09CF27C3F}.Release|Any CPU.Build.0 = Release|Any CPU
		{8374E4D7-2A91-48F1-9360-09B09CF27C3F}.Release|ARM.ActiveCfg = Release|Any CPU
		{8374E4D7-2A91-48F1-9360-09B09CF27C3F}.Release|Mixed Platforms.ActiveCfg = Release|Any CPU
		{8374E4D7-2A91-48F1-9360-09B09CF27C3F}.Release|Mixed Platforms.Build.0 = Release|Any CPU
		{8374E4D7-2A91-48F1-9360-09B09CF27C3F}.Release|x64.ActiveCfg = Release|Any CPU
		{8374E4D7-2A91-48F1-9360-09B09CF27C3F}.Release|x86.ActiveCfg = Release|Any CPU
		{8374E4D7-2A91-48F1-9360-09B09CF27C3F}.Silverlight2|Any CPU.ActiveCfg = Silverlight2|Any CPU
		{8374E4D7-2A91-48F1-9360-09B09CF27C3F}.Silverlight2|Any CPU.Build.0 = Silverlight2|Any CPU
		{8374E4D7-2A91-48F1-9360-09B09CF27C3F}.Silverlight2|ARM.ActiveCfg = Silverlight2|Any CPU
		{8374E4D7-2A91-48F1-9360-09B09CF27C3F}.Silverlight2|Mixed Platforms.ActiveCfg = Silverlight2|Any CPU
		{8374E4D7-2A91-48F1-9360-09B09CF27C3F}.Silverlight2|Mixed Platforms.Build.0 = Silverlight2|Any CPU
		{8374E4D7-2A91-48F1-9360-09B09CF27C3F}.Silverlight2|x64.ActiveCfg = Silverlight2|Any CPU
		{8374E4D7-2A91-48F1-9360-09B09CF27C3F}.Silverlight2|x86.ActiveCfg = Silverlight2|Any CPU
		{8374E4D7-2A91-48F1-9360-09B09CF27C3F}.Unity|Any CPU.ActiveCfg = Unity|Any CPU
		{8374E4D7-2A91-48F1-9360-09B09CF27C3F}.Unity|Any CPU.Build.0 = Unity|Any CPU
		{8374E4D7-2A91-48F1-9360-09B09CF27C3F}.Unity|ARM.ActiveCfg = Unity|Any CPU
		{8374E4D7-2A91-48F1-9360-09B09CF27C3F}.Unity|Mixed Platforms.ActiveCfg = Unity|Any CPU
		{8374E4D7-2A91-48F1-9360-09B09CF27C3F}.Unity|Mixed Platforms.Build.0 = Unity|Any CPU
		{8374E4D7-2A91-48F1-9360-09B09CF27C3F}.Unity|x64.ActiveCfg = Unity|Any CPU
		{8374E4D7-2A91-48F1-9360-09B09CF27C3F}.Unity|x86.ActiveCfg = Unity|Any CPU
		{65A793DB-49B9-4563-B028-BDF958A915CE}.CoreOnly|Any CPU.ActiveCfg = Release|Any CPU
		{65A793DB-49B9-4563-B028-BDF958A915CE}.CoreOnly|ARM.ActiveCfg = Release|Any CPU
		{65A793DB-49B9-4563-B028-BDF958A915CE}.CoreOnly|Mixed Platforms.ActiveCfg = Release|Any CPU
		{65A793DB-49B9-4563-B028-BDF958A915CE}.CoreOnly|x64.ActiveCfg = Release|Any CPU
		{65A793DB-49B9-4563-B028-BDF958A915CE}.CoreOnly|x86.ActiveCfg = Release|Any CPU
		{65A793DB-49B9-4563-B028-BDF958A915CE}.Debug|Any CPU.ActiveCfg = Debug|Any CPU
		{65A793DB-49B9-4563-B028-BDF958A915CE}.Debug|Any CPU.Build.0 = Debug|Any CPU
		{65A793DB-49B9-4563-B028-BDF958A915CE}.Debug|ARM.ActiveCfg = Debug|Any CPU
		{65A793DB-49B9-4563-B028-BDF958A915CE}.Debug|Mixed Platforms.ActiveCfg = Debug|Any CPU
		{65A793DB-49B9-4563-B028-BDF958A915CE}.Debug|Mixed Platforms.Build.0 = Debug|Any CPU
		{65A793DB-49B9-4563-B028-BDF958A915CE}.Debug|x64.ActiveCfg = Debug|Any CPU
		{65A793DB-49B9-4563-B028-BDF958A915CE}.Debug|x86.ActiveCfg = Debug|Any CPU
		{65A793DB-49B9-4563-B028-BDF958A915CE}.iOS|Any CPU.ActiveCfg = Release|Any CPU
		{65A793DB-49B9-4563-B028-BDF958A915CE}.iOS|Any CPU.Build.0 = Release|Any CPU
		{65A793DB-49B9-4563-B028-BDF958A915CE}.iOS|ARM.ActiveCfg = Release|Any CPU
		{65A793DB-49B9-4563-B028-BDF958A915CE}.iOS|Mixed Platforms.ActiveCfg = Release|Any CPU
		{65A793DB-49B9-4563-B028-BDF958A915CE}.iOS|Mixed Platforms.Build.0 = Release|Any CPU
		{65A793DB-49B9-4563-B028-BDF958A915CE}.iOS|x64.ActiveCfg = Release|Any CPU
		{65A793DB-49B9-4563-B028-BDF958A915CE}.iOS|x86.ActiveCfg = Release|Any CPU
		{65A793DB-49B9-4563-B028-BDF958A915CE}.Net20|Any CPU.ActiveCfg = Release|Any CPU
		{65A793DB-49B9-4563-B028-BDF958A915CE}.Net20|Any CPU.Build.0 = Release|Any CPU
		{65A793DB-49B9-4563-B028-BDF958A915CE}.Net20|ARM.ActiveCfg = Release|Any CPU
		{65A793DB-49B9-4563-B028-BDF958A915CE}.Net20|Mixed Platforms.ActiveCfg = Release|Any CPU
		{65A793DB-49B9-4563-B028-BDF958A915CE}.Net20|Mixed Platforms.Build.0 = Release|Any CPU
		{65A793DB-49B9-4563-B028-BDF958A915CE}.Net20|x64.ActiveCfg = Release|Any CPU
		{65A793DB-49B9-4563-B028-BDF958A915CE}.Net20|x86.ActiveCfg = Release|Any CPU
		{65A793DB-49B9-4563-B028-BDF958A915CE}.Profile|Any CPU.ActiveCfg = Release|Any CPU
		{65A793DB-49B9-4563-B028-BDF958A915CE}.Profile|Any CPU.Build.0 = Release|Any CPU
		{65A793DB-49B9-4563-B028-BDF958A915CE}.Profile|ARM.ActiveCfg = Release|Any CPU
		{65A793DB-49B9-4563-B028-BDF958A915CE}.Profile|Mixed Platforms.ActiveCfg = Release|Any CPU
		{65A793DB-49B9-4563-B028-BDF958A915CE}.Profile|Mixed Platforms.Build.0 = Release|Any CPU
		{65A793DB-49B9-4563-B028-BDF958A915CE}.Profile|x64.ActiveCfg = Release|Any CPU
		{65A793DB-49B9-4563-B028-BDF958A915CE}.Profile|x86.ActiveCfg = Release|Any CPU
		{65A793DB-49B9-4563-B028-BDF958A915CE}.Release|Any CPU.ActiveCfg = Release|Any CPU
		{65A793DB-49B9-4563-B028-BDF958A915CE}.Release|Any CPU.Build.0 = Release|Any CPU
		{65A793DB-49B9-4563-B028-BDF958A915CE}.Release|ARM.ActiveCfg = Release|Any CPU
		{65A793DB-49B9-4563-B028-BDF958A915CE}.Release|Mixed Platforms.ActiveCfg = Release|Any CPU
		{65A793DB-49B9-4563-B028-BDF958A915CE}.Release|Mixed Platforms.Build.0 = Release|Any CPU
		{65A793DB-49B9-4563-B028-BDF958A915CE}.Release|x64.ActiveCfg = Release|Any CPU
		{65A793DB-49B9-4563-B028-BDF958A915CE}.Release|x86.ActiveCfg = Release|Any CPU
		{65A793DB-49B9-4563-B028-BDF958A915CE}.Silverlight2|Any CPU.ActiveCfg = Release|Any CPU
		{65A793DB-49B9-4563-B028-BDF958A915CE}.Silverlight2|Any CPU.Build.0 = Release|Any CPU
		{65A793DB-49B9-4563-B028-BDF958A915CE}.Silverlight2|ARM.ActiveCfg = Release|Any CPU
		{65A793DB-49B9-4563-B028-BDF958A915CE}.Silverlight2|Mixed Platforms.ActiveCfg = Release|Any CPU
		{65A793DB-49B9-4563-B028-BDF958A915CE}.Silverlight2|Mixed Platforms.Build.0 = Release|Any CPU
		{65A793DB-49B9-4563-B028-BDF958A915CE}.Silverlight2|x64.ActiveCfg = Release|Any CPU
		{65A793DB-49B9-4563-B028-BDF958A915CE}.Silverlight2|x86.ActiveCfg = Release|Any CPU
		{65A793DB-49B9-4563-B028-BDF958A915CE}.Unity|Any CPU.ActiveCfg = Release|Any CPU
		{65A793DB-49B9-4563-B028-BDF958A915CE}.Unity|Any CPU.Build.0 = Release|Any CPU
		{65A793DB-49B9-4563-B028-BDF958A915CE}.Unity|ARM.ActiveCfg = Release|Any CPU
		{65A793DB-49B9-4563-B028-BDF958A915CE}.Unity|Mixed Platforms.ActiveCfg = Release|Any CPU
		{65A793DB-49B9-4563-B028-BDF958A915CE}.Unity|Mixed Platforms.Build.0 = Release|Any CPU
		{65A793DB-49B9-4563-B028-BDF958A915CE}.Unity|x64.ActiveCfg = Release|Any CPU
		{65A793DB-49B9-4563-B028-BDF958A915CE}.Unity|x86.ActiveCfg = Release|Any CPU
		{F6CBE303-3B5F-4CCC-B0B7-D81A6BD462C9}.CoreOnly|Any CPU.ActiveCfg = CoreOnly|Any CPU
		{F6CBE303-3B5F-4CCC-B0B7-D81A6BD462C9}.CoreOnly|Any CPU.Build.0 = CoreOnly|Any CPU
		{F6CBE303-3B5F-4CCC-B0B7-D81A6BD462C9}.CoreOnly|ARM.ActiveCfg = CoreOnly|Any CPU
		{F6CBE303-3B5F-4CCC-B0B7-D81A6BD462C9}.CoreOnly|Mixed Platforms.ActiveCfg = CoreOnly|Any CPU
		{F6CBE303-3B5F-4CCC-B0B7-D81A6BD462C9}.CoreOnly|Mixed Platforms.Build.0 = CoreOnly|Any CPU
		{F6CBE303-3B5F-4CCC-B0B7-D81A6BD462C9}.CoreOnly|x64.ActiveCfg = CoreOnly|Any CPU
		{F6CBE303-3B5F-4CCC-B0B7-D81A6BD462C9}.CoreOnly|x86.ActiveCfg = CoreOnly|Any CPU
		{F6CBE303-3B5F-4CCC-B0B7-D81A6BD462C9}.Debug|Any CPU.ActiveCfg = Debug|Any CPU
		{F6CBE303-3B5F-4CCC-B0B7-D81A6BD462C9}.Debug|Any CPU.Build.0 = Debug|Any CPU
		{F6CBE303-3B5F-4CCC-B0B7-D81A6BD462C9}.Debug|ARM.ActiveCfg = Debug|Any CPU
		{F6CBE303-3B5F-4CCC-B0B7-D81A6BD462C9}.Debug|Mixed Platforms.ActiveCfg = Debug|Any CPU
		{F6CBE303-3B5F-4CCC-B0B7-D81A6BD462C9}.Debug|Mixed Platforms.Build.0 = Debug|Any CPU
		{F6CBE303-3B5F-4CCC-B0B7-D81A6BD462C9}.Debug|x64.ActiveCfg = Debug|Any CPU
		{F6CBE303-3B5F-4CCC-B0B7-D81A6BD462C9}.Debug|x86.ActiveCfg = Debug|Any CPU
		{F6CBE303-3B5F-4CCC-B0B7-D81A6BD462C9}.iOS|Any CPU.ActiveCfg = iOS|Any CPU
		{F6CBE303-3B5F-4CCC-B0B7-D81A6BD462C9}.iOS|Any CPU.Build.0 = iOS|Any CPU
		{F6CBE303-3B5F-4CCC-B0B7-D81A6BD462C9}.iOS|ARM.ActiveCfg = iOS|Any CPU
		{F6CBE303-3B5F-4CCC-B0B7-D81A6BD462C9}.iOS|Mixed Platforms.ActiveCfg = iOS|Any CPU
		{F6CBE303-3B5F-4CCC-B0B7-D81A6BD462C9}.iOS|Mixed Platforms.Build.0 = iOS|Any CPU
		{F6CBE303-3B5F-4CCC-B0B7-D81A6BD462C9}.iOS|x64.ActiveCfg = iOS|Any CPU
		{F6CBE303-3B5F-4CCC-B0B7-D81A6BD462C9}.iOS|x86.ActiveCfg = iOS|Any CPU
		{F6CBE303-3B5F-4CCC-B0B7-D81A6BD462C9}.Net20|Any CPU.ActiveCfg = Unity|Any CPU
		{F6CBE303-3B5F-4CCC-B0B7-D81A6BD462C9}.Net20|Any CPU.Build.0 = Unity|Any CPU
		{F6CBE303-3B5F-4CCC-B0B7-D81A6BD462C9}.Net20|ARM.ActiveCfg = Unity|Any CPU
		{F6CBE303-3B5F-4CCC-B0B7-D81A6BD462C9}.Net20|Mixed Platforms.ActiveCfg = Unity|Any CPU
		{F6CBE303-3B5F-4CCC-B0B7-D81A6BD462C9}.Net20|Mixed Platforms.Build.0 = Unity|Any CPU
		{F6CBE303-3B5F-4CCC-B0B7-D81A6BD462C9}.Net20|x64.ActiveCfg = Unity|Any CPU
		{F6CBE303-3B5F-4CCC-B0B7-D81A6BD462C9}.Net20|x86.ActiveCfg = Unity|Any CPU
		{F6CBE303-3B5F-4CCC-B0B7-D81A6BD462C9}.Profile|Any CPU.ActiveCfg = Unity|Any CPU
		{F6CBE303-3B5F-4CCC-B0B7-D81A6BD462C9}.Profile|Any CPU.Build.0 = Unity|Any CPU
		{F6CBE303-3B5F-4CCC-B0B7-D81A6BD462C9}.Profile|ARM.ActiveCfg = Unity|Any CPU
		{F6CBE303-3B5F-4CCC-B0B7-D81A6BD462C9}.Profile|Mixed Platforms.ActiveCfg = Unity|Any CPU
		{F6CBE303-3B5F-4CCC-B0B7-D81A6BD462C9}.Profile|Mixed Platforms.Build.0 = Unity|Any CPU
		{F6CBE303-3B5F-4CCC-B0B7-D81A6BD462C9}.Profile|x64.ActiveCfg = Unity|Any CPU
		{F6CBE303-3B5F-4CCC-B0B7-D81A6BD462C9}.Profile|x86.ActiveCfg = Unity|Any CPU
		{F6CBE303-3B5F-4CCC-B0B7-D81A6BD462C9}.Release|Any CPU.ActiveCfg = Release|Any CPU
		{F6CBE303-3B5F-4CCC-B0B7-D81A6BD462C9}.Release|Any CPU.Build.0 = Release|Any CPU
		{F6CBE303-3B5F-4CCC-B0B7-D81A6BD462C9}.Release|ARM.ActiveCfg = Release|Any CPU
		{F6CBE303-3B5F-4CCC-B0B7-D81A6BD462C9}.Release|Mixed Platforms.ActiveCfg = Release|Any CPU
		{F6CBE303-3B5F-4CCC-B0B7-D81A6BD462C9}.Release|Mixed Platforms.Build.0 = Release|Any CPU
		{F6CBE303-3B5F-4CCC-B0B7-D81A6BD462C9}.Release|x64.ActiveCfg = Release|Any CPU
		{F6CBE303-3B5F-4CCC-B0B7-D81A6BD462C9}.Release|x86.ActiveCfg = Release|Any CPU
		{F6CBE303-3B5F-4CCC-B0B7-D81A6BD462C9}.Silverlight2|Any CPU.ActiveCfg = Unity|Any CPU
		{F6CBE303-3B5F-4CCC-B0B7-D81A6BD462C9}.Silverlight2|Any CPU.Build.0 = Unity|Any CPU
		{F6CBE303-3B5F-4CCC-B0B7-D81A6BD462C9}.Silverlight2|ARM.ActiveCfg = Unity|Any CPU
		{F6CBE303-3B5F-4CCC-B0B7-D81A6BD462C9}.Silverlight2|Mixed Platforms.ActiveCfg = Unity|Any CPU
		{F6CBE303-3B5F-4CCC-B0B7-D81A6BD462C9}.Silverlight2|Mixed Platforms.Build.0 = Unity|Any CPU
		{F6CBE303-3B5F-4CCC-B0B7-D81A6BD462C9}.Silverlight2|x64.ActiveCfg = Unity|Any CPU
		{F6CBE303-3B5F-4CCC-B0B7-D81A6BD462C9}.Silverlight2|x86.ActiveCfg = Unity|Any CPU
		{F6CBE303-3B5F-4CCC-B0B7-D81A6BD462C9}.Unity|Any CPU.ActiveCfg = Unity|Any CPU
		{F6CBE303-3B5F-4CCC-B0B7-D81A6BD462C9}.Unity|Any CPU.Build.0 = Unity|Any CPU
		{F6CBE303-3B5F-4CCC-B0B7-D81A6BD462C9}.Unity|ARM.ActiveCfg = Unity|Any CPU
		{F6CBE303-3B5F-4CCC-B0B7-D81A6BD462C9}.Unity|Mixed Platforms.ActiveCfg = Unity|Any CPU
		{F6CBE303-3B5F-4CCC-B0B7-D81A6BD462C9}.Unity|Mixed Platforms.Build.0 = Unity|Any CPU
		{F6CBE303-3B5F-4CCC-B0B7-D81A6BD462C9}.Unity|x64.ActiveCfg = Unity|Any CPU
		{F6CBE303-3B5F-4CCC-B0B7-D81A6BD462C9}.Unity|x86.ActiveCfg = Unity|Any CPU
		{E1EB9E1A-8BC0-4DA8-983A-6896F523BEE3}.CoreOnly|Any CPU.ActiveCfg = CoreOnly|Any CPU
		{E1EB9E1A-8BC0-4DA8-983A-6896F523BEE3}.CoreOnly|Any CPU.Build.0 = CoreOnly|Any CPU
		{E1EB9E1A-8BC0-4DA8-983A-6896F523BEE3}.CoreOnly|ARM.ActiveCfg = CoreOnly|Any CPU
		{E1EB9E1A-8BC0-4DA8-983A-6896F523BEE3}.CoreOnly|Mixed Platforms.ActiveCfg = CoreOnly|Any CPU
		{E1EB9E1A-8BC0-4DA8-983A-6896F523BEE3}.CoreOnly|Mixed Platforms.Build.0 = CoreOnly|Any CPU
		{E1EB9E1A-8BC0-4DA8-983A-6896F523BEE3}.CoreOnly|x64.ActiveCfg = CoreOnly|Any CPU
		{E1EB9E1A-8BC0-4DA8-983A-6896F523BEE3}.CoreOnly|x86.ActiveCfg = CoreOnly|Any CPU
		{E1EB9E1A-8BC0-4DA8-983A-6896F523BEE3}.Debug|Any CPU.ActiveCfg = Debug|Any CPU
		{E1EB9E1A-8BC0-4DA8-983A-6896F523BEE3}.Debug|Any CPU.Build.0 = Debug|Any CPU
		{E1EB9E1A-8BC0-4DA8-983A-6896F523BEE3}.Debug|ARM.ActiveCfg = Debug|Any CPU
		{E1EB9E1A-8BC0-4DA8-983A-6896F523BEE3}.Debug|Mixed Platforms.ActiveCfg = Debug|Any CPU
		{E1EB9E1A-8BC0-4DA8-983A-6896F523BEE3}.Debug|Mixed Platforms.Build.0 = Debug|Any CPU
		{E1EB9E1A-8BC0-4DA8-983A-6896F523BEE3}.Debug|x64.ActiveCfg = Debug|Any CPU
		{E1EB9E1A-8BC0-4DA8-983A-6896F523BEE3}.Debug|x86.ActiveCfg = Debug|Any CPU
		{E1EB9E1A-8BC0-4DA8-983A-6896F523BEE3}.iOS|Any CPU.ActiveCfg = iOS|Any CPU
		{E1EB9E1A-8BC0-4DA8-983A-6896F523BEE3}.iOS|Any CPU.Build.0 = iOS|Any CPU
		{E1EB9E1A-8BC0-4DA8-983A-6896F523BEE3}.iOS|ARM.ActiveCfg = iOS|Any CPU
		{E1EB9E1A-8BC0-4DA8-983A-6896F523BEE3}.iOS|Mixed Platforms.ActiveCfg = iOS|Any CPU
		{E1EB9E1A-8BC0-4DA8-983A-6896F523BEE3}.iOS|Mixed Platforms.Build.0 = iOS|Any CPU
		{E1EB9E1A-8BC0-4DA8-983A-6896F523BEE3}.iOS|x64.ActiveCfg = iOS|Any CPU
		{E1EB9E1A-8BC0-4DA8-983A-6896F523BEE3}.iOS|x86.ActiveCfg = iOS|Any CPU
		{E1EB9E1A-8BC0-4DA8-983A-6896F523BEE3}.Net20|Any CPU.ActiveCfg = Unity|Any CPU
		{E1EB9E1A-8BC0-4DA8-983A-6896F523BEE3}.Net20|Any CPU.Build.0 = Unity|Any CPU
		{E1EB9E1A-8BC0-4DA8-983A-6896F523BEE3}.Net20|ARM.ActiveCfg = Unity|Any CPU
		{E1EB9E1A-8BC0-4DA8-983A-6896F523BEE3}.Net20|Mixed Platforms.ActiveCfg = Unity|Any CPU
		{E1EB9E1A-8BC0-4DA8-983A-6896F523BEE3}.Net20|Mixed Platforms.Build.0 = Unity|Any CPU
		{E1EB9E1A-8BC0-4DA8-983A-6896F523BEE3}.Net20|x64.ActiveCfg = Unity|Any CPU
		{E1EB9E1A-8BC0-4DA8-983A-6896F523BEE3}.Net20|x86.ActiveCfg = Unity|Any CPU
		{E1EB9E1A-8BC0-4DA8-983A-6896F523BEE3}.Profile|Any CPU.ActiveCfg = Unity|Any CPU
		{E1EB9E1A-8BC0-4DA8-983A-6896F523BEE3}.Profile|Any CPU.Build.0 = Unity|Any CPU
		{E1EB9E1A-8BC0-4DA8-983A-6896F523BEE3}.Profile|ARM.ActiveCfg = Unity|Any CPU
		{E1EB9E1A-8BC0-4DA8-983A-6896F523BEE3}.Profile|Mixed Platforms.ActiveCfg = Unity|Any CPU
		{E1EB9E1A-8BC0-4DA8-983A-6896F523BEE3}.Profile|Mixed Platforms.Build.0 = Unity|Any CPU
		{E1EB9E1A-8BC0-4DA8-983A-6896F523BEE3}.Profile|x64.ActiveCfg = Unity|Any CPU
		{E1EB9E1A-8BC0-4DA8-983A-6896F523BEE3}.Profile|x86.ActiveCfg = Unity|Any CPU
		{E1EB9E1A-8BC0-4DA8-983A-6896F523BEE3}.Release|Any CPU.ActiveCfg = Release|Any CPU
		{E1EB9E1A-8BC0-4DA8-983A-6896F523BEE3}.Release|Any CPU.Build.0 = Release|Any CPU
		{E1EB9E1A-8BC0-4DA8-983A-6896F523BEE3}.Release|ARM.ActiveCfg = Release|Any CPU
		{E1EB9E1A-8BC0-4DA8-983A-6896F523BEE3}.Release|Mixed Platforms.ActiveCfg = Release|Any CPU
		{E1EB9E1A-8BC0-4DA8-983A-6896F523BEE3}.Release|Mixed Platforms.Build.0 = Release|Any CPU
		{E1EB9E1A-8BC0-4DA8-983A-6896F523BEE3}.Release|x64.ActiveCfg = Release|Any CPU
		{E1EB9E1A-8BC0-4DA8-983A-6896F523BEE3}.Release|x86.ActiveCfg = Release|Any CPU
		{E1EB9E1A-8BC0-4DA8-983A-6896F523BEE3}.Silverlight2|Any CPU.ActiveCfg = Unity|Any CPU
		{E1EB9E1A-8BC0-4DA8-983A-6896F523BEE3}.Silverlight2|Any CPU.Build.0 = Unity|Any CPU
		{E1EB9E1A-8BC0-4DA8-983A-6896F523BEE3}.Silverlight2|ARM.ActiveCfg = Unity|Any CPU
		{E1EB9E1A-8BC0-4DA8-983A-6896F523BEE3}.Silverlight2|Mixed Platforms.ActiveCfg = Unity|Any CPU
		{E1EB9E1A-8BC0-4DA8-983A-6896F523BEE3}.Silverlight2|Mixed Platforms.Build.0 = Unity|Any CPU
		{E1EB9E1A-8BC0-4DA8-983A-6896F523BEE3}.Silverlight2|x64.ActiveCfg = Unity|Any CPU
		{E1EB9E1A-8BC0-4DA8-983A-6896F523BEE3}.Silverlight2|x86.ActiveCfg = Unity|Any CPU
		{E1EB9E1A-8BC0-4DA8-983A-6896F523BEE3}.Unity|Any CPU.ActiveCfg = Unity|Any CPU
		{E1EB9E1A-8BC0-4DA8-983A-6896F523BEE3}.Unity|Any CPU.Build.0 = Unity|Any CPU
		{E1EB9E1A-8BC0-4DA8-983A-6896F523BEE3}.Unity|ARM.ActiveCfg = Unity|Any CPU
		{E1EB9E1A-8BC0-4DA8-983A-6896F523BEE3}.Unity|Mixed Platforms.ActiveCfg = Unity|Any CPU
		{E1EB9E1A-8BC0-4DA8-983A-6896F523BEE3}.Unity|Mixed Platforms.Build.0 = Unity|Any CPU
		{E1EB9E1A-8BC0-4DA8-983A-6896F523BEE3}.Unity|x64.ActiveCfg = Unity|Any CPU
		{E1EB9E1A-8BC0-4DA8-983A-6896F523BEE3}.Unity|x86.ActiveCfg = Unity|Any CPU
		{927AB924-08B5-4629-B505-3BC78A61B0D6}.CoreOnly|Any CPU.ActiveCfg = Profile|Any CPU
		{927AB924-08B5-4629-B505-3BC78A61B0D6}.CoreOnly|ARM.ActiveCfg = Profile|Any CPU
		{927AB924-08B5-4629-B505-3BC78A61B0D6}.CoreOnly|Mixed Platforms.ActiveCfg = Profile|Any CPU
		{927AB924-08B5-4629-B505-3BC78A61B0D6}.CoreOnly|x64.ActiveCfg = Profile|Any CPU
		{927AB924-08B5-4629-B505-3BC78A61B0D6}.CoreOnly|x86.ActiveCfg = Profile|Any CPU
		{927AB924-08B5-4629-B505-3BC78A61B0D6}.Debug|Any CPU.ActiveCfg = Debug|Any CPU
		{927AB924-08B5-4629-B505-3BC78A61B0D6}.Debug|Any CPU.Build.0 = Debug|Any CPU
		{927AB924-08B5-4629-B505-3BC78A61B0D6}.Debug|ARM.ActiveCfg = Debug|Any CPU
		{927AB924-08B5-4629-B505-3BC78A61B0D6}.Debug|Mixed Platforms.ActiveCfg = Debug|Any CPU
		{927AB924-08B5-4629-B505-3BC78A61B0D6}.Debug|Mixed Platforms.Build.0 = Debug|Any CPU
		{927AB924-08B5-4629-B505-3BC78A61B0D6}.Debug|x64.ActiveCfg = Debug|Any CPU
		{927AB924-08B5-4629-B505-3BC78A61B0D6}.Debug|x86.ActiveCfg = Debug|Any CPU
		{927AB924-08B5-4629-B505-3BC78A61B0D6}.iOS|Any CPU.ActiveCfg = Release|Any CPU
		{927AB924-08B5-4629-B505-3BC78A61B0D6}.iOS|Any CPU.Build.0 = Release|Any CPU
		{927AB924-08B5-4629-B505-3BC78A61B0D6}.iOS|ARM.ActiveCfg = Release|Any CPU
		{927AB924-08B5-4629-B505-3BC78A61B0D6}.iOS|Mixed Platforms.ActiveCfg = Release|Any CPU
		{927AB924-08B5-4629-B505-3BC78A61B0D6}.iOS|Mixed Platforms.Build.0 = Release|Any CPU
		{927AB924-08B5-4629-B505-3BC78A61B0D6}.iOS|x64.ActiveCfg = Release|Any CPU
		{927AB924-08B5-4629-B505-3BC78A61B0D6}.iOS|x86.ActiveCfg = Release|Any CPU
		{927AB924-08B5-4629-B505-3BC78A61B0D6}.Net20|Any CPU.ActiveCfg = Release|Any CPU
		{927AB924-08B5-4629-B505-3BC78A61B0D6}.Net20|Any CPU.Build.0 = Release|Any CPU
		{927AB924-08B5-4629-B505-3BC78A61B0D6}.Net20|ARM.ActiveCfg = Release|Any CPU
		{927AB924-08B5-4629-B505-3BC78A61B0D6}.Net20|Mixed Platforms.ActiveCfg = Release|Any CPU
		{927AB924-08B5-4629-B505-3BC78A61B0D6}.Net20|Mixed Platforms.Build.0 = Release|Any CPU
		{927AB924-08B5-4629-B505-3BC78A61B0D6}.Net20|x64.ActiveCfg = Release|Any CPU
		{927AB924-08B5-4629-B505-3BC78A61B0D6}.Net20|x86.ActiveCfg = Release|Any CPU
		{927AB924-08B5-4629-B505-3BC78A61B0D6}.Profile|Any CPU.ActiveCfg = Profile|Any CPU
		{927AB924-08B5-4629-B505-3BC78A61B0D6}.Profile|Any CPU.Build.0 = Profile|Any CPU
		{927AB924-08B5-4629-B505-3BC78A61B0D6}.Profile|ARM.ActiveCfg = Profile|Any CPU
		{927AB924-08B5-4629-B505-3BC78A61B0D6}.Profile|Mixed Platforms.ActiveCfg = Profile|Any CPU
		{927AB924-08B5-4629-B505-3BC78A61B0D6}.Profile|Mixed Platforms.Build.0 = Profile|Any CPU
		{927AB924-08B5-4629-B505-3BC78A61B0D6}.Profile|x64.ActiveCfg = Profile|Any CPU
		{927AB924-08B5-4629-B505-3BC78A61B0D6}.Profile|x86.ActiveCfg = Profile|Any CPU
		{927AB924-08B5-4629-B505-3BC78A61B0D6}.Release|Any CPU.ActiveCfg = Release|Any CPU
		{927AB924-08B5-4629-B505-3BC78A61B0D6}.Release|Any CPU.Build.0 = Release|Any CPU
		{927AB924-08B5-4629-B505-3BC78A61B0D6}.Release|ARM.ActiveCfg = Release|Any CPU
		{927AB924-08B5-4629-B505-3BC78A61B0D6}.Release|Mixed Platforms.ActiveCfg = Release|Any CPU
		{927AB924-08B5-4629-B505-3BC78A61B0D6}.Release|Mixed Platforms.Build.0 = Release|Any CPU
		{927AB924-08B5-4629-B505-3BC78A61B0D6}.Release|x64.ActiveCfg = Release|Any CPU
		{927AB924-08B5-4629-B505-3BC78A61B0D6}.Release|x86.ActiveCfg = Release|Any CPU
		{927AB924-08B5-4629-B505-3BC78A61B0D6}.Silverlight2|Any CPU.ActiveCfg = Release|Any CPU
		{927AB924-08B5-4629-B505-3BC78A61B0D6}.Silverlight2|Any CPU.Build.0 = Release|Any CPU
		{927AB924-08B5-4629-B505-3BC78A61B0D6}.Silverlight2|ARM.ActiveCfg = Release|Any CPU
		{927AB924-08B5-4629-B505-3BC78A61B0D6}.Silverlight2|Mixed Platforms.ActiveCfg = Release|Any CPU
		{927AB924-08B5-4629-B505-3BC78A61B0D6}.Silverlight2|Mixed Platforms.Build.0 = Release|Any CPU
		{927AB924-08B5-4629-B505-3BC78A61B0D6}.Silverlight2|x64.ActiveCfg = Release|Any CPU
		{927AB924-08B5-4629-B505-3BC78A61B0D6}.Silverlight2|x86.ActiveCfg = Release|Any CPU
		{927AB924-08B5-4629-B505-3BC78A61B0D6}.Unity|Any CPU.ActiveCfg = Release|Any CPU
		{927AB924-08B5-4629-B505-3BC78A61B0D6}.Unity|Any CPU.Build.0 = Release|Any CPU
		{927AB924-08B5-4629-B505-3BC78A61B0D6}.Unity|ARM.ActiveCfg = Release|Any CPU
		{927AB924-08B5-4629-B505-3BC78A61B0D6}.Unity|Mixed Platforms.ActiveCfg = Release|Any CPU
		{927AB924-08B5-4629-B505-3BC78A61B0D6}.Unity|Mixed Platforms.Build.0 = Release|Any CPU
		{927AB924-08B5-4629-B505-3BC78A61B0D6}.Unity|x64.ActiveCfg = Release|Any CPU
		{927AB924-08B5-4629-B505-3BC78A61B0D6}.Unity|x86.ActiveCfg = Release|Any CPU
		{C89574F5-DC36-41D7-8F83-4100C58A9441}.CoreOnly|Any CPU.ActiveCfg = CoreOnly|Any CPU
		{C89574F5-DC36-41D7-8F83-4100C58A9441}.CoreOnly|Any CPU.Build.0 = CoreOnly|Any CPU
		{C89574F5-DC36-41D7-8F83-4100C58A9441}.CoreOnly|ARM.ActiveCfg = CoreOnly|Any CPU
		{C89574F5-DC36-41D7-8F83-4100C58A9441}.CoreOnly|Mixed Platforms.ActiveCfg = CoreOnly|Any CPU
		{C89574F5-DC36-41D7-8F83-4100C58A9441}.CoreOnly|Mixed Platforms.Build.0 = CoreOnly|Any CPU
		{C89574F5-DC36-41D7-8F83-4100C58A9441}.CoreOnly|x64.ActiveCfg = CoreOnly|Any CPU
		{C89574F5-DC36-41D7-8F83-4100C58A9441}.CoreOnly|x86.ActiveCfg = CoreOnly|Any CPU
		{C89574F5-DC36-41D7-8F83-4100C58A9441}.Debug|Any CPU.ActiveCfg = Debug|Any CPU
		{C89574F5-DC36-41D7-8F83-4100C58A9441}.Debug|Any CPU.Build.0 = Debug|Any CPU
		{C89574F5-DC36-41D7-8F83-4100C58A9441}.Debug|ARM.ActiveCfg = Debug|Any CPU
		{C89574F5-DC36-41D7-8F83-4100C58A9441}.Debug|Mixed Platforms.ActiveCfg = Debug|Any CPU
		{C89574F5-DC36-41D7-8F83-4100C58A9441}.Debug|Mixed Platforms.Build.0 = Debug|Any CPU
		{C89574F5-DC36-41D7-8F83-4100C58A9441}.Debug|x64.ActiveCfg = Debug|Any CPU
		{C89574F5-DC36-41D7-8F83-4100C58A9441}.Debug|x86.ActiveCfg = Debug|Any CPU
		{C89574F5-DC36-41D7-8F83-4100C58A9441}.iOS|Any CPU.ActiveCfg = Release|Any CPU
		{C89574F5-DC36-41D7-8F83-4100C58A9441}.iOS|Any CPU.Build.0 = Release|Any CPU
		{C89574F5-DC36-41D7-8F83-4100C58A9441}.iOS|ARM.ActiveCfg = Release|Any CPU
		{C89574F5-DC36-41D7-8F83-4100C58A9441}.iOS|Mixed Platforms.ActiveCfg = Release|Any CPU
		{C89574F5-DC36-41D7-8F83-4100C58A9441}.iOS|Mixed Platforms.Build.0 = Release|Any CPU
		{C89574F5-DC36-41D7-8F83-4100C58A9441}.iOS|x64.ActiveCfg = Release|Any CPU
		{C89574F5-DC36-41D7-8F83-4100C58A9441}.iOS|x86.ActiveCfg = Release|Any CPU
		{C89574F5-DC36-41D7-8F83-4100C58A9441}.Net20|Any CPU.ActiveCfg = Release|Any CPU
		{C89574F5-DC36-41D7-8F83-4100C58A9441}.Net20|Any CPU.Build.0 = Release|Any CPU
		{C89574F5-DC36-41D7-8F83-4100C58A9441}.Net20|ARM.ActiveCfg = Release|Any CPU
		{C89574F5-DC36-41D7-8F83-4100C58A9441}.Net20|Mixed Platforms.ActiveCfg = Release|Any CPU
		{C89574F5-DC36-41D7-8F83-4100C58A9441}.Net20|Mixed Platforms.Build.0 = Release|Any CPU
		{C89574F5-DC36-41D7-8F83-4100C58A9441}.Net20|x64.ActiveCfg = Release|Any CPU
		{C89574F5-DC36-41D7-8F83-4100C58A9441}.Net20|x86.ActiveCfg = Release|Any CPU
		{C89574F5-DC36-41D7-8F83-4100C58A9441}.Profile|Any CPU.ActiveCfg = Release|Any CPU
		{C89574F5-DC36-41D7-8F83-4100C58A9441}.Profile|Any CPU.Build.0 = Release|Any CPU
		{C89574F5-DC36-41D7-8F83-4100C58A9441}.Profile|ARM.ActiveCfg = Release|Any CPU
		{C89574F5-DC36-41D7-8F83-4100C58A9441}.Profile|Mixed Platforms.ActiveCfg = Release|Any CPU
		{C89574F5-DC36-41D7-8F83-4100C58A9441}.Profile|Mixed Platforms.Build.0 = Release|Any CPU
		{C89574F5-DC36-41D7-8F83-4100C58A9441}.Profile|x64.ActiveCfg = Release|Any CPU
		{C89574F5-DC36-41D7-8F83-4100C58A9441}.Profile|x86.ActiveCfg = Release|Any CPU
		{C89574F5-DC36-41D7-8F83-4100C58A9441}.Release|Any CPU.ActiveCfg = Release|Any CPU
		{C89574F5-DC36-41D7-8F83-4100C58A9441}.Release|Any CPU.Build.0 = Release|Any CPU
		{C89574F5-DC36-41D7-8F83-4100C58A9441}.Release|ARM.ActiveCfg = Release|Any CPU
		{C89574F5-DC36-41D7-8F83-4100C58A9441}.Release|Mixed Platforms.ActiveCfg = Release|Any CPU
		{C89574F5-DC36-41D7-8F83-4100C58A9441}.Release|Mixed Platforms.Build.0 = Release|Any CPU
		{C89574F5-DC36-41D7-8F83-4100C58A9441}.Release|x64.ActiveCfg = Release|Any CPU
		{C89574F5-DC36-41D7-8F83-4100C58A9441}.Release|x86.ActiveCfg = Release|Any CPU
		{C89574F5-DC36-41D7-8F83-4100C58A9441}.Silverlight2|Any CPU.ActiveCfg = Release|Any CPU
		{C89574F5-DC36-41D7-8F83-4100C58A9441}.Silverlight2|Any CPU.Build.0 = Release|Any CPU
		{C89574F5-DC36-41D7-8F83-4100C58A9441}.Silverlight2|ARM.ActiveCfg = Release|Any CPU
		{C89574F5-DC36-41D7-8F83-4100C58A9441}.Silverlight2|Mixed Platforms.ActiveCfg = Release|Any CPU
		{C89574F5-DC36-41D7-8F83-4100C58A9441}.Silverlight2|Mixed Platforms.Build.0 = Release|Any CPU
		{C89574F5-DC36-41D7-8F83-4100C58A9441}.Silverlight2|x64.ActiveCfg = Release|Any CPU
		{C89574F5-DC36-41D7-8F83-4100C58A9441}.Silverlight2|x86.ActiveCfg = Release|Any CPU
		{C89574F5-DC36-41D7-8F83-4100C58A9441}.Unity|Any CPU.ActiveCfg = Release|Any CPU
		{C89574F5-DC36-41D7-8F83-4100C58A9441}.Unity|Any CPU.Build.0 = Release|Any CPU
		{C89574F5-DC36-41D7-8F83-4100C58A9441}.Unity|ARM.ActiveCfg = Release|Any CPU
		{C89574F5-DC36-41D7-8F83-4100C58A9441}.Unity|Mixed Platforms.ActiveCfg = Release|Any CPU
		{C89574F5-DC36-41D7-8F83-4100C58A9441}.Unity|Mixed Platforms.Build.0 = Release|Any CPU
		{C89574F5-DC36-41D7-8F83-4100C58A9441}.Unity|x64.ActiveCfg = Release|Any CPU
		{C89574F5-DC36-41D7-8F83-4100C58A9441}.Unity|x86.ActiveCfg = Release|Any CPU
		{7ABED973-7C99-4884-A2AE-96AF4658100C}.CoreOnly|Any CPU.ActiveCfg = CoreOnly|Any CPU
		{7ABED973-7C99-4884-A2AE-96AF4658100C}.CoreOnly|Any CPU.Build.0 = CoreOnly|Any CPU
		{7ABED973-7C99-4884-A2AE-96AF4658100C}.CoreOnly|ARM.ActiveCfg = CoreOnly|Any CPU
		{7ABED973-7C99-4884-A2AE-96AF4658100C}.CoreOnly|Mixed Platforms.ActiveCfg = CoreOnly|Any CPU
		{7ABED973-7C99-4884-A2AE-96AF4658100C}.CoreOnly|Mixed Platforms.Build.0 = CoreOnly|Any CPU
		{7ABED973-7C99-4884-A2AE-96AF4658100C}.CoreOnly|x64.ActiveCfg = CoreOnly|Any CPU
		{7ABED973-7C99-4884-A2AE-96AF4658100C}.CoreOnly|x86.ActiveCfg = CoreOnly|Any CPU
		{7ABED973-7C99-4884-A2AE-96AF4658100C}.Debug|Any CPU.ActiveCfg = Debug|Any CPU
		{7ABED973-7C99-4884-A2AE-96AF4658100C}.Debug|Any CPU.Build.0 = Debug|Any CPU
		{7ABED973-7C99-4884-A2AE-96AF4658100C}.Debug|ARM.ActiveCfg = Debug|Any CPU
		{7ABED973-7C99-4884-A2AE-96AF4658100C}.Debug|Mixed Platforms.ActiveCfg = Debug|Any CPU
		{7ABED973-7C99-4884-A2AE-96AF4658100C}.Debug|Mixed Platforms.Build.0 = Debug|Any CPU
		{7ABED973-7C99-4884-A2AE-96AF4658100C}.Debug|x64.ActiveCfg = Debug|Any CPU
		{7ABED973-7C99-4884-A2AE-96AF4658100C}.Debug|x86.ActiveCfg = Debug|Any CPU
		{7ABED973-7C99-4884-A2AE-96AF4658100C}.iOS|Any CPU.ActiveCfg = iOS|Any CPU
		{7ABED973-7C99-4884-A2AE-96AF4658100C}.iOS|Any CPU.Build.0 = iOS|Any CPU
		{7ABED973-7C99-4884-A2AE-96AF4658100C}.iOS|ARM.ActiveCfg = iOS|Any CPU
		{7ABED973-7C99-4884-A2AE-96AF4658100C}.iOS|Mixed Platforms.ActiveCfg = iOS|Any CPU
		{7ABED973-7C99-4884-A2AE-96AF4658100C}.iOS|Mixed Platforms.Build.0 = iOS|Any CPU
		{7ABED973-7C99-4884-A2AE-96AF4658100C}.iOS|x64.ActiveCfg = iOS|Any CPU
		{7ABED973-7C99-4884-A2AE-96AF4658100C}.iOS|x86.ActiveCfg = iOS|Any CPU
		{7ABED973-7C99-4884-A2AE-96AF4658100C}.Net20|Any CPU.ActiveCfg = Unity|Any CPU
		{7ABED973-7C99-4884-A2AE-96AF4658100C}.Net20|Any CPU.Build.0 = Unity|Any CPU
		{7ABED973-7C99-4884-A2AE-96AF4658100C}.Net20|ARM.ActiveCfg = Unity|Any CPU
		{7ABED973-7C99-4884-A2AE-96AF4658100C}.Net20|Mixed Platforms.ActiveCfg = Unity|Any CPU
		{7ABED973-7C99-4884-A2AE-96AF4658100C}.Net20|Mixed Platforms.Build.0 = Unity|Any CPU
		{7ABED973-7C99-4884-A2AE-96AF4658100C}.Net20|x64.ActiveCfg = Unity|Any CPU
		{7ABED973-7C99-4884-A2AE-96AF4658100C}.Net20|x86.ActiveCfg = Unity|Any CPU
		{7ABED973-7C99-4884-A2AE-96AF4658100C}.Profile|Any CPU.ActiveCfg = Unity|Any CPU
		{7ABED973-7C99-4884-A2AE-96AF4658100C}.Profile|Any CPU.Build.0 = Unity|Any CPU
		{7ABED973-7C99-4884-A2AE-96AF4658100C}.Profile|ARM.ActiveCfg = Unity|Any CPU
		{7ABED973-7C99-4884-A2AE-96AF4658100C}.Profile|Mixed Platforms.ActiveCfg = Unity|Any CPU
		{7ABED973-7C99-4884-A2AE-96AF4658100C}.Profile|Mixed Platforms.Build.0 = Unity|Any CPU
		{7ABED973-7C99-4884-A2AE-96AF4658100C}.Profile|x64.ActiveCfg = Unity|Any CPU
		{7ABED973-7C99-4884-A2AE-96AF4658100C}.Profile|x86.ActiveCfg = Unity|Any CPU
		{7ABED973-7C99-4884-A2AE-96AF4658100C}.Release|Any CPU.ActiveCfg = Release|Any CPU
		{7ABED973-7C99-4884-A2AE-96AF4658100C}.Release|Any CPU.Build.0 = Release|Any CPU
		{7ABED973-7C99-4884-A2AE-96AF4658100C}.Release|ARM.ActiveCfg = Release|Any CPU
		{7ABED973-7C99-4884-A2AE-96AF4658100C}.Release|Mixed Platforms.ActiveCfg = Release|Any CPU
		{7ABED973-7C99-4884-A2AE-96AF4658100C}.Release|Mixed Platforms.Build.0 = Release|Any CPU
		{7ABED973-7C99-4884-A2AE-96AF4658100C}.Release|x64.ActiveCfg = Release|Any CPU
		{7ABED973-7C99-4884-A2AE-96AF4658100C}.Release|x86.ActiveCfg = Release|Any CPU
		{7ABED973-7C99-4884-A2AE-96AF4658100C}.Silverlight2|Any CPU.ActiveCfg = Unity|Any CPU
		{7ABED973-7C99-4884-A2AE-96AF4658100C}.Silverlight2|Any CPU.Build.0 = Unity|Any CPU
		{7ABED973-7C99-4884-A2AE-96AF4658100C}.Silverlight2|ARM.ActiveCfg = Unity|Any CPU
		{7ABED973-7C99-4884-A2AE-96AF4658100C}.Silverlight2|Mixed Platforms.ActiveCfg = Unity|Any CPU
		{7ABED973-7C99-4884-A2AE-96AF4658100C}.Silverlight2|Mixed Platforms.Build.0 = Unity|Any CPU
		{7ABED973-7C99-4884-A2AE-96AF4658100C}.Silverlight2|x64.ActiveCfg = Unity|Any CPU
		{7ABED973-7C99-4884-A2AE-96AF4658100C}.Silverlight2|x86.ActiveCfg = Unity|Any CPU
		{7ABED973-7C99-4884-A2AE-96AF4658100C}.Unity|Any CPU.ActiveCfg = Unity|Any CPU
		{7ABED973-7C99-4884-A2AE-96AF4658100C}.Unity|Any CPU.Build.0 = Unity|Any CPU
		{7ABED973-7C99-4884-A2AE-96AF4658100C}.Unity|ARM.ActiveCfg = Unity|Any CPU
		{7ABED973-7C99-4884-A2AE-96AF4658100C}.Unity|Mixed Platforms.ActiveCfg = Unity|Any CPU
		{7ABED973-7C99-4884-A2AE-96AF4658100C}.Unity|Mixed Platforms.Build.0 = Unity|Any CPU
		{7ABED973-7C99-4884-A2AE-96AF4658100C}.Unity|x64.ActiveCfg = Unity|Any CPU
		{7ABED973-7C99-4884-A2AE-96AF4658100C}.Unity|x86.ActiveCfg = Unity|Any CPU
		{8D53345D-C5D6-4510-8FDB-B6D8A63D65AE}.CoreOnly|Any CPU.ActiveCfg = CoreOnly|Any CPU
		{8D53345D-C5D6-4510-8FDB-B6D8A63D65AE}.CoreOnly|Any CPU.Build.0 = CoreOnly|Any CPU
		{8D53345D-C5D6-4510-8FDB-B6D8A63D65AE}.CoreOnly|ARM.ActiveCfg = CoreOnly|Any CPU
		{8D53345D-C5D6-4510-8FDB-B6D8A63D65AE}.CoreOnly|Mixed Platforms.ActiveCfg = CoreOnly|Any CPU
		{8D53345D-C5D6-4510-8FDB-B6D8A63D65AE}.CoreOnly|Mixed Platforms.Build.0 = CoreOnly|Any CPU
		{8D53345D-C5D6-4510-8FDB-B6D8A63D65AE}.CoreOnly|x64.ActiveCfg = CoreOnly|Any CPU
		{8D53345D-C5D6-4510-8FDB-B6D8A63D65AE}.CoreOnly|x86.ActiveCfg = CoreOnly|Any CPU
		{8D53345D-C5D6-4510-8FDB-B6D8A63D65AE}.Debug|Any CPU.ActiveCfg = Debug|Any CPU
		{8D53345D-C5D6-4510-8FDB-B6D8A63D65AE}.Debug|Any CPU.Build.0 = Debug|Any CPU
		{8D53345D-C5D6-4510-8FDB-B6D8A63D65AE}.Debug|ARM.ActiveCfg = Debug|Any CPU
		{8D53345D-C5D6-4510-8FDB-B6D8A63D65AE}.Debug|Mixed Platforms.ActiveCfg = Debug|Any CPU
		{8D53345D-C5D6-4510-8FDB-B6D8A63D65AE}.Debug|Mixed Platforms.Build.0 = Debug|Any CPU
		{8D53345D-C5D6-4510-8FDB-B6D8A63D65AE}.Debug|x64.ActiveCfg = Debug|Any CPU
		{8D53345D-C5D6-4510-8FDB-B6D8A63D65AE}.Debug|x86.ActiveCfg = Debug|Any CPU
		{8D53345D-C5D6-4510-8FDB-B6D8A63D65AE}.iOS|Any CPU.ActiveCfg = iOS|Any CPU
		{8D53345D-C5D6-4510-8FDB-B6D8A63D65AE}.iOS|Any CPU.Build.0 = iOS|Any CPU
		{8D53345D-C5D6-4510-8FDB-B6D8A63D65AE}.iOS|ARM.ActiveCfg = iOS|Any CPU
		{8D53345D-C5D6-4510-8FDB-B6D8A63D65AE}.iOS|Mixed Platforms.ActiveCfg = iOS|Any CPU
		{8D53345D-C5D6-4510-8FDB-B6D8A63D65AE}.iOS|Mixed Platforms.Build.0 = iOS|Any CPU
		{8D53345D-C5D6-4510-8FDB-B6D8A63D65AE}.iOS|x64.ActiveCfg = iOS|Any CPU
		{8D53345D-C5D6-4510-8FDB-B6D8A63D65AE}.iOS|x86.ActiveCfg = iOS|Any CPU
		{8D53345D-C5D6-4510-8FDB-B6D8A63D65AE}.Net20|Any CPU.ActiveCfg = Unity|Any CPU
		{8D53345D-C5D6-4510-8FDB-B6D8A63D65AE}.Net20|Any CPU.Build.0 = Unity|Any CPU
		{8D53345D-C5D6-4510-8FDB-B6D8A63D65AE}.Net20|ARM.ActiveCfg = Unity|Any CPU
		{8D53345D-C5D6-4510-8FDB-B6D8A63D65AE}.Net20|Mixed Platforms.ActiveCfg = Unity|Any CPU
		{8D53345D-C5D6-4510-8FDB-B6D8A63D65AE}.Net20|Mixed Platforms.Build.0 = Unity|Any CPU
		{8D53345D-C5D6-4510-8FDB-B6D8A63D65AE}.Net20|x64.ActiveCfg = Unity|Any CPU
		{8D53345D-C5D6-4510-8FDB-B6D8A63D65AE}.Net20|x86.ActiveCfg = Unity|Any CPU
		{8D53345D-C5D6-4510-8FDB-B6D8A63D65AE}.Profile|Any CPU.ActiveCfg = Unity|Any CPU
		{8D53345D-C5D6-4510-8FDB-B6D8A63D65AE}.Profile|Any CPU.Build.0 = Unity|Any CPU
		{8D53345D-C5D6-4510-8FDB-B6D8A63D65AE}.Profile|ARM.ActiveCfg = Unity|Any CPU
		{8D53345D-C5D6-4510-8FDB-B6D8A63D65AE}.Profile|Mixed Platforms.ActiveCfg = Unity|Any CPU
		{8D53345D-C5D6-4510-8FDB-B6D8A63D65AE}.Profile|Mixed Platforms.Build.0 = Unity|Any CPU
		{8D53345D-C5D6-4510-8FDB-B6D8A63D65AE}.Profile|x64.ActiveCfg = Unity|Any CPU
		{8D53345D-C5D6-4510-8FDB-B6D8A63D65AE}.Profile|x86.ActiveCfg = Unity|Any CPU
		{8D53345D-C5D6-4510-8FDB-B6D8A63D65AE}.Release|Any CPU.ActiveCfg = Release|Any CPU
		{8D53345D-C5D6-4510-8FDB-B6D8A63D65AE}.Release|Any CPU.Build.0 = Release|Any CPU
		{8D53345D-C5D6-4510-8FDB-B6D8A63D65AE}.Release|ARM.ActiveCfg = Release|Any CPU
		{8D53345D-C5D6-4510-8FDB-B6D8A63D65AE}.Release|Mixed Platforms.ActiveCfg = Release|Any CPU
		{8D53345D-C5D6-4510-8FDB-B6D8A63D65AE}.Release|Mixed Platforms.Build.0 = Release|Any CPU
		{8D53345D-C5D6-4510-8FDB-B6D8A63D65AE}.Release|x64.ActiveCfg = Release|Any CPU
		{8D53345D-C5D6-4510-8FDB-B6D8A63D65AE}.Release|x86.ActiveCfg = Release|Any CPU
		{8D53345D-C5D6-4510-8FDB-B6D8A63D65AE}.Silverlight2|Any CPU.ActiveCfg = Unity|Any CPU
		{8D53345D-C5D6-4510-8FDB-B6D8A63D65AE}.Silverlight2|Any CPU.Build.0 = Unity|Any CPU
		{8D53345D-C5D6-4510-8FDB-B6D8A63D65AE}.Silverlight2|ARM.ActiveCfg = Unity|Any CPU
		{8D53345D-C5D6-4510-8FDB-B6D8A63D65AE}.Silverlight2|Mixed Platforms.ActiveCfg = Unity|Any CPU
		{8D53345D-C5D6-4510-8FDB-B6D8A63D65AE}.Silverlight2|Mixed Platforms.Build.0 = Unity|Any CPU
		{8D53345D-C5D6-4510-8FDB-B6D8A63D65AE}.Silverlight2|x64.ActiveCfg = Unity|Any CPU
		{8D53345D-C5D6-4510-8FDB-B6D8A63D65AE}.Silverlight2|x86.ActiveCfg = Unity|Any CPU
		{8D53345D-C5D6-4510-8FDB-B6D8A63D65AE}.Unity|Any CPU.ActiveCfg = Unity|Any CPU
		{8D53345D-C5D6-4510-8FDB-B6D8A63D65AE}.Unity|Any CPU.Build.0 = Unity|Any CPU
		{8D53345D-C5D6-4510-8FDB-B6D8A63D65AE}.Unity|ARM.ActiveCfg = Unity|Any CPU
		{8D53345D-C5D6-4510-8FDB-B6D8A63D65AE}.Unity|Mixed Platforms.ActiveCfg = Unity|Any CPU
		{8D53345D-C5D6-4510-8FDB-B6D8A63D65AE}.Unity|Mixed Platforms.Build.0 = Unity|Any CPU
		{8D53345D-C5D6-4510-8FDB-B6D8A63D65AE}.Unity|x64.ActiveCfg = Unity|Any CPU
		{8D53345D-C5D6-4510-8FDB-B6D8A63D65AE}.Unity|x86.ActiveCfg = Unity|Any CPU
		{78DC3F04-B2DA-47E6-98BE-84A6223D8FF6}.CoreOnly|Any CPU.ActiveCfg = Release|x86
		{78DC3F04-B2DA-47E6-98BE-84A6223D8FF6}.CoreOnly|ARM.ActiveCfg = Release|x86
		{78DC3F04-B2DA-47E6-98BE-84A6223D8FF6}.CoreOnly|Mixed Platforms.ActiveCfg = Release|x86
		{78DC3F04-B2DA-47E6-98BE-84A6223D8FF6}.CoreOnly|Mixed Platforms.Build.0 = Release|x86
		{78DC3F04-B2DA-47E6-98BE-84A6223D8FF6}.CoreOnly|x64.ActiveCfg = Release|x86
		{78DC3F04-B2DA-47E6-98BE-84A6223D8FF6}.CoreOnly|x86.ActiveCfg = Release|x86
		{78DC3F04-B2DA-47E6-98BE-84A6223D8FF6}.CoreOnly|x86.Build.0 = Release|x86
		{78DC3F04-B2DA-47E6-98BE-84A6223D8FF6}.Debug|Any CPU.ActiveCfg = Debug|x86
		{78DC3F04-B2DA-47E6-98BE-84A6223D8FF6}.Debug|ARM.ActiveCfg = Debug|x86
		{78DC3F04-B2DA-47E6-98BE-84A6223D8FF6}.Debug|Mixed Platforms.ActiveCfg = Debug|x86
		{78DC3F04-B2DA-47E6-98BE-84A6223D8FF6}.Debug|Mixed Platforms.Build.0 = Debug|x86
		{78DC3F04-B2DA-47E6-98BE-84A6223D8FF6}.Debug|x64.ActiveCfg = Debug|x86
		{78DC3F04-B2DA-47E6-98BE-84A6223D8FF6}.Debug|x86.ActiveCfg = Debug|x86
		{78DC3F04-B2DA-47E6-98BE-84A6223D8FF6}.Debug|x86.Build.0 = Debug|x86
		{78DC3F04-B2DA-47E6-98BE-84A6223D8FF6}.iOS|Any CPU.ActiveCfg = iOS|x86
		{78DC3F04-B2DA-47E6-98BE-84A6223D8FF6}.iOS|ARM.ActiveCfg = iOS|x86
		{78DC3F04-B2DA-47E6-98BE-84A6223D8FF6}.iOS|Mixed Platforms.ActiveCfg = iOS|x86
		{78DC3F04-B2DA-47E6-98BE-84A6223D8FF6}.iOS|Mixed Platforms.Build.0 = iOS|x86
		{78DC3F04-B2DA-47E6-98BE-84A6223D8FF6}.iOS|x64.ActiveCfg = iOS|x86
		{78DC3F04-B2DA-47E6-98BE-84A6223D8FF6}.iOS|x86.ActiveCfg = iOS|x86
		{78DC3F04-B2DA-47E6-98BE-84A6223D8FF6}.iOS|x86.Build.0 = iOS|x86
		{78DC3F04-B2DA-47E6-98BE-84A6223D8FF6}.Net20|Any CPU.ActiveCfg = iOS|x86
		{78DC3F04-B2DA-47E6-98BE-84A6223D8FF6}.Net20|ARM.ActiveCfg = iOS|x86
		{78DC3F04-B2DA-47E6-98BE-84A6223D8FF6}.Net20|Mixed Platforms.ActiveCfg = iOS|x86
		{78DC3F04-B2DA-47E6-98BE-84A6223D8FF6}.Net20|Mixed Platforms.Build.0 = iOS|x86
		{78DC3F04-B2DA-47E6-98BE-84A6223D8FF6}.Net20|x64.ActiveCfg = iOS|x86
		{78DC3F04-B2DA-47E6-98BE-84A6223D8FF6}.Net20|x86.ActiveCfg = iOS|x86
		{78DC3F04-B2DA-47E6-98BE-84A6223D8FF6}.Net20|x86.Build.0 = iOS|x86
		{78DC3F04-B2DA-47E6-98BE-84A6223D8FF6}.Profile|Any CPU.ActiveCfg = iOS|x86
		{78DC3F04-B2DA-47E6-98BE-84A6223D8FF6}.Profile|ARM.ActiveCfg = iOS|x86
		{78DC3F04-B2DA-47E6-98BE-84A6223D8FF6}.Profile|Mixed Platforms.ActiveCfg = iOS|x86
		{78DC3F04-B2DA-47E6-98BE-84A6223D8FF6}.Profile|Mixed Platforms.Build.0 = iOS|x86
		{78DC3F04-B2DA-47E6-98BE-84A6223D8FF6}.Profile|x64.ActiveCfg = iOS|x86
		{78DC3F04-B2DA-47E6-98BE-84A6223D8FF6}.Profile|x86.ActiveCfg = iOS|x86
		{78DC3F04-B2DA-47E6-98BE-84A6223D8FF6}.Profile|x86.Build.0 = iOS|x86
		{78DC3F04-B2DA-47E6-98BE-84A6223D8FF6}.Release|Any CPU.ActiveCfg = Release|x86
		{78DC3F04-B2DA-47E6-98BE-84A6223D8FF6}.Release|ARM.ActiveCfg = Release|x86
		{78DC3F04-B2DA-47E6-98BE-84A6223D8FF6}.Release|Mixed Platforms.ActiveCfg = Release|x86
		{78DC3F04-B2DA-47E6-98BE-84A6223D8FF6}.Release|Mixed Platforms.Build.0 = Release|x86
		{78DC3F04-B2DA-47E6-98BE-84A6223D8FF6}.Release|x64.ActiveCfg = Release|x86
		{78DC3F04-B2DA-47E6-98BE-84A6223D8FF6}.Release|x86.ActiveCfg = Release|x86
		{78DC3F04-B2DA-47E6-98BE-84A6223D8FF6}.Release|x86.Build.0 = Release|x86
		{78DC3F04-B2DA-47E6-98BE-84A6223D8FF6}.Silverlight2|Any CPU.ActiveCfg = iOS|x86
		{78DC3F04-B2DA-47E6-98BE-84A6223D8FF6}.Silverlight2|ARM.ActiveCfg = iOS|x86
		{78DC3F04-B2DA-47E6-98BE-84A6223D8FF6}.Silverlight2|Mixed Platforms.ActiveCfg = iOS|x86
		{78DC3F04-B2DA-47E6-98BE-84A6223D8FF6}.Silverlight2|Mixed Platforms.Build.0 = iOS|x86
		{78DC3F04-B2DA-47E6-98BE-84A6223D8FF6}.Silverlight2|x64.ActiveCfg = iOS|x86
		{78DC3F04-B2DA-47E6-98BE-84A6223D8FF6}.Silverlight2|x86.ActiveCfg = iOS|x86
		{78DC3F04-B2DA-47E6-98BE-84A6223D8FF6}.Silverlight2|x86.Build.0 = iOS|x86
		{78DC3F04-B2DA-47E6-98BE-84A6223D8FF6}.Unity|Any CPU.ActiveCfg = iOS|x86
		{78DC3F04-B2DA-47E6-98BE-84A6223D8FF6}.Unity|ARM.ActiveCfg = iOS|x86
		{78DC3F04-B2DA-47E6-98BE-84A6223D8FF6}.Unity|Mixed Platforms.ActiveCfg = iOS|x86
		{78DC3F04-B2DA-47E6-98BE-84A6223D8FF6}.Unity|Mixed Platforms.Build.0 = iOS|x86
		{78DC3F04-B2DA-47E6-98BE-84A6223D8FF6}.Unity|x64.ActiveCfg = iOS|x86
		{78DC3F04-B2DA-47E6-98BE-84A6223D8FF6}.Unity|x86.ActiveCfg = iOS|x86
		{78DC3F04-B2DA-47E6-98BE-84A6223D8FF6}.Unity|x86.Build.0 = iOS|x86
		{2EA60052-319B-4079-8DA1-4D65853A9A76}.CoreOnly|Any CPU.ActiveCfg = CoreOnly|Any CPU
		{2EA60052-319B-4079-8DA1-4D65853A9A76}.CoreOnly|Any CPU.Build.0 = CoreOnly|Any CPU
		{2EA60052-319B-4079-8DA1-4D65853A9A76}.CoreOnly|ARM.ActiveCfg = CoreOnly|Any CPU
		{2EA60052-319B-4079-8DA1-4D65853A9A76}.CoreOnly|Mixed Platforms.ActiveCfg = CoreOnly|Any CPU
		{2EA60052-319B-4079-8DA1-4D65853A9A76}.CoreOnly|Mixed Platforms.Build.0 = CoreOnly|Any CPU
		{2EA60052-319B-4079-8DA1-4D65853A9A76}.CoreOnly|x64.ActiveCfg = CoreOnly|Any CPU
		{2EA60052-319B-4079-8DA1-4D65853A9A76}.CoreOnly|x86.ActiveCfg = CoreOnly|Any CPU
		{2EA60052-319B-4079-8DA1-4D65853A9A76}.Debug|Any CPU.ActiveCfg = Debug|Any CPU
		{2EA60052-319B-4079-8DA1-4D65853A9A76}.Debug|Any CPU.Build.0 = Debug|Any CPU
		{2EA60052-319B-4079-8DA1-4D65853A9A76}.Debug|ARM.ActiveCfg = Debug|Any CPU
		{2EA60052-319B-4079-8DA1-4D65853A9A76}.Debug|Mixed Platforms.ActiveCfg = Debug|Any CPU
		{2EA60052-319B-4079-8DA1-4D65853A9A76}.Debug|Mixed Platforms.Build.0 = Debug|Any CPU
		{2EA60052-319B-4079-8DA1-4D65853A9A76}.Debug|x64.ActiveCfg = Debug|Any CPU
		{2EA60052-319B-4079-8DA1-4D65853A9A76}.Debug|x86.ActiveCfg = Debug|Any CPU
		{2EA60052-319B-4079-8DA1-4D65853A9A76}.iOS|Any CPU.ActiveCfg = Release|Any CPU
		{2EA60052-319B-4079-8DA1-4D65853A9A76}.iOS|Any CPU.Build.0 = Release|Any CPU
		{2EA60052-319B-4079-8DA1-4D65853A9A76}.iOS|ARM.ActiveCfg = Release|Any CPU
		{2EA60052-319B-4079-8DA1-4D65853A9A76}.iOS|Mixed Platforms.ActiveCfg = Release|Any CPU
		{2EA60052-319B-4079-8DA1-4D65853A9A76}.iOS|Mixed Platforms.Build.0 = Release|Any CPU
		{2EA60052-319B-4079-8DA1-4D65853A9A76}.iOS|x64.ActiveCfg = Release|Any CPU
		{2EA60052-319B-4079-8DA1-4D65853A9A76}.iOS|x86.ActiveCfg = Release|Any CPU
		{2EA60052-319B-4079-8DA1-4D65853A9A76}.Net20|Any CPU.ActiveCfg = Release|Any CPU
		{2EA60052-319B-4079-8DA1-4D65853A9A76}.Net20|Any CPU.Build.0 = Release|Any CPU
		{2EA60052-319B-4079-8DA1-4D65853A9A76}.Net20|ARM.ActiveCfg = Release|Any CPU
		{2EA60052-319B-4079-8DA1-4D65853A9A76}.Net20|Mixed Platforms.ActiveCfg = Release|Any CPU
		{2EA60052-319B-4079-8DA1-4D65853A9A76}.Net20|Mixed Platforms.Build.0 = Release|Any CPU
		{2EA60052-319B-4079-8DA1-4D65853A9A76}.Net20|x64.ActiveCfg = Release|Any CPU
		{2EA60052-319B-4079-8DA1-4D65853A9A76}.Net20|x86.ActiveCfg = Release|Any CPU
		{2EA60052-319B-4079-8DA1-4D65853A9A76}.Profile|Any CPU.ActiveCfg = Release|Any CPU
		{2EA60052-319B-4079-8DA1-4D65853A9A76}.Profile|Any CPU.Build.0 = Release|Any CPU
		{2EA60052-319B-4079-8DA1-4D65853A9A76}.Profile|ARM.ActiveCfg = Release|Any CPU
		{2EA60052-319B-4079-8DA1-4D65853A9A76}.Profile|Mixed Platforms.ActiveCfg = Release|Any CPU
		{2EA60052-319B-4079-8DA1-4D65853A9A76}.Profile|Mixed Platforms.Build.0 = Release|Any CPU
		{2EA60052-319B-4079-8DA1-4D65853A9A76}.Profile|x64.ActiveCfg = Release|Any CPU
		{2EA60052-319B-4079-8DA1-4D65853A9A76}.Profile|x86.ActiveCfg = Release|Any CPU
		{2EA60052-319B-4079-8DA1-4D65853A9A76}.Release|Any CPU.ActiveCfg = Release|Any CPU
		{2EA60052-319B-4079-8DA1-4D65853A9A76}.Release|Any CPU.Build.0 = Release|Any CPU
		{2EA60052-319B-4079-8DA1-4D65853A9A76}.Release|ARM.ActiveCfg = Release|Any CPU
		{2EA60052-319B-4079-8DA1-4D65853A9A76}.Release|Mixed Platforms.ActiveCfg = Release|Any CPU
		{2EA60052-319B-4079-8DA1-4D65853A9A76}.Release|Mixed Platforms.Build.0 = Release|Any CPU
		{2EA60052-319B-4079-8DA1-4D65853A9A76}.Release|x64.ActiveCfg = Release|Any CPU
		{2EA60052-319B-4079-8DA1-4D65853A9A76}.Release|x86.ActiveCfg = Release|Any CPU
		{2EA60052-319B-4079-8DA1-4D65853A9A76}.Silverlight2|Any CPU.ActiveCfg = Release|Any CPU
		{2EA60052-319B-4079-8DA1-4D65853A9A76}.Silverlight2|Any CPU.Build.0 = Release|Any CPU
		{2EA60052-319B-4079-8DA1-4D65853A9A76}.Silverlight2|ARM.ActiveCfg = Release|Any CPU
		{2EA60052-319B-4079-8DA1-4D65853A9A76}.Silverlight2|Mixed Platforms.ActiveCfg = Release|Any CPU
		{2EA60052-319B-4079-8DA1-4D65853A9A76}.Silverlight2|Mixed Platforms.Build.0 = Release|Any CPU
		{2EA60052-319B-4079-8DA1-4D65853A9A76}.Silverlight2|x64.ActiveCfg = Release|Any CPU
		{2EA60052-319B-4079-8DA1-4D65853A9A76}.Silverlight2|x86.ActiveCfg = Release|Any CPU
		{2EA60052-319B-4079-8DA1-4D65853A9A76}.Unity|Any CPU.ActiveCfg = Release|Any CPU
		{2EA60052-319B-4079-8DA1-4D65853A9A76}.Unity|Any CPU.Build.0 = Release|Any CPU
		{2EA60052-319B-4079-8DA1-4D65853A9A76}.Unity|ARM.ActiveCfg = Release|Any CPU
		{2EA60052-319B-4079-8DA1-4D65853A9A76}.Unity|Mixed Platforms.ActiveCfg = Release|Any CPU
		{2EA60052-319B-4079-8DA1-4D65853A9A76}.Unity|Mixed Platforms.Build.0 = Release|Any CPU
		{2EA60052-319B-4079-8DA1-4D65853A9A76}.Unity|x64.ActiveCfg = Release|Any CPU
		{2EA60052-319B-4079-8DA1-4D65853A9A76}.Unity|x86.ActiveCfg = Release|Any CPU
		{FBD093C6-88A2-4A4B-BBA9-D25691F77DBA}.CoreOnly|Any CPU.ActiveCfg = CoreOnly|Any CPU
		{FBD093C6-88A2-4A4B-BBA9-D25691F77DBA}.CoreOnly|Any CPU.Build.0 = CoreOnly|Any CPU
		{FBD093C6-88A2-4A4B-BBA9-D25691F77DBA}.CoreOnly|ARM.ActiveCfg = CoreOnly|Any CPU
		{FBD093C6-88A2-4A4B-BBA9-D25691F77DBA}.CoreOnly|Mixed Platforms.ActiveCfg = CoreOnly|Any CPU
		{FBD093C6-88A2-4A4B-BBA9-D25691F77DBA}.CoreOnly|Mixed Platforms.Build.0 = CoreOnly|Any CPU
		{FBD093C6-88A2-4A4B-BBA9-D25691F77DBA}.CoreOnly|x64.ActiveCfg = CoreOnly|Any CPU
		{FBD093C6-88A2-4A4B-BBA9-D25691F77DBA}.CoreOnly|x86.ActiveCfg = CoreOnly|Any CPU
		{FBD093C6-88A2-4A4B-BBA9-D25691F77DBA}.Debug|Any CPU.ActiveCfg = Debug|Any CPU
		{FBD093C6-88A2-4A4B-BBA9-D25691F77DBA}.Debug|Any CPU.Build.0 = Debug|Any CPU
		{FBD093C6-88A2-4A4B-BBA9-D25691F77DBA}.Debug|ARM.ActiveCfg = Debug|Any CPU
		{FBD093C6-88A2-4A4B-BBA9-D25691F77DBA}.Debug|Mixed Platforms.ActiveCfg = Debug|Any CPU
		{FBD093C6-88A2-4A4B-BBA9-D25691F77DBA}.Debug|Mixed Platforms.Build.0 = Debug|Any CPU
		{FBD093C6-88A2-4A4B-BBA9-D25691F77DBA}.Debug|x64.ActiveCfg = Debug|Any CPU
		{FBD093C6-88A2-4A4B-BBA9-D25691F77DBA}.Debug|x86.ActiveCfg = Debug|Any CPU
		{FBD093C6-88A2-4A4B-BBA9-D25691F77DBA}.iOS|Any CPU.ActiveCfg = CoreOnly|Any CPU
		{FBD093C6-88A2-4A4B-BBA9-D25691F77DBA}.iOS|Any CPU.Build.0 = CoreOnly|Any CPU
		{FBD093C6-88A2-4A4B-BBA9-D25691F77DBA}.iOS|ARM.ActiveCfg = CoreOnly|Any CPU
		{FBD093C6-88A2-4A4B-BBA9-D25691F77DBA}.iOS|Mixed Platforms.ActiveCfg = CoreOnly|Any CPU
		{FBD093C6-88A2-4A4B-BBA9-D25691F77DBA}.iOS|Mixed Platforms.Build.0 = CoreOnly|Any CPU
		{FBD093C6-88A2-4A4B-BBA9-D25691F77DBA}.iOS|x64.ActiveCfg = CoreOnly|Any CPU
		{FBD093C6-88A2-4A4B-BBA9-D25691F77DBA}.iOS|x86.ActiveCfg = CoreOnly|Any CPU
		{FBD093C6-88A2-4A4B-BBA9-D25691F77DBA}.Net20|Any CPU.ActiveCfg = CoreOnly|Any CPU
		{FBD093C6-88A2-4A4B-BBA9-D25691F77DBA}.Net20|Any CPU.Build.0 = CoreOnly|Any CPU
		{FBD093C6-88A2-4A4B-BBA9-D25691F77DBA}.Net20|ARM.ActiveCfg = CoreOnly|Any CPU
		{FBD093C6-88A2-4A4B-BBA9-D25691F77DBA}.Net20|Mixed Platforms.ActiveCfg = CoreOnly|Any CPU
		{FBD093C6-88A2-4A4B-BBA9-D25691F77DBA}.Net20|Mixed Platforms.Build.0 = CoreOnly|Any CPU
		{FBD093C6-88A2-4A4B-BBA9-D25691F77DBA}.Net20|x64.ActiveCfg = CoreOnly|Any CPU
		{FBD093C6-88A2-4A4B-BBA9-D25691F77DBA}.Net20|x86.ActiveCfg = CoreOnly|Any CPU
		{FBD093C6-88A2-4A4B-BBA9-D25691F77DBA}.Profile|Any CPU.ActiveCfg = CoreOnly|Any CPU
		{FBD093C6-88A2-4A4B-BBA9-D25691F77DBA}.Profile|Any CPU.Build.0 = CoreOnly|Any CPU
		{FBD093C6-88A2-4A4B-BBA9-D25691F77DBA}.Profile|ARM.ActiveCfg = CoreOnly|Any CPU
		{FBD093C6-88A2-4A4B-BBA9-D25691F77DBA}.Profile|Mixed Platforms.ActiveCfg = CoreOnly|Any CPU
		{FBD093C6-88A2-4A4B-BBA9-D25691F77DBA}.Profile|Mixed Platforms.Build.0 = CoreOnly|Any CPU
		{FBD093C6-88A2-4A4B-BBA9-D25691F77DBA}.Profile|x64.ActiveCfg = CoreOnly|Any CPU
		{FBD093C6-88A2-4A4B-BBA9-D25691F77DBA}.Profile|x86.ActiveCfg = CoreOnly|Any CPU
		{FBD093C6-88A2-4A4B-BBA9-D25691F77DBA}.Release|Any CPU.ActiveCfg = Release|Any CPU
		{FBD093C6-88A2-4A4B-BBA9-D25691F77DBA}.Release|Any CPU.Build.0 = Release|Any CPU
		{FBD093C6-88A2-4A4B-BBA9-D25691F77DBA}.Release|ARM.ActiveCfg = Release|Any CPU
		{FBD093C6-88A2-4A4B-BBA9-D25691F77DBA}.Release|Mixed Platforms.ActiveCfg = Release|Any CPU
		{FBD093C6-88A2-4A4B-BBA9-D25691F77DBA}.Release|Mixed Platforms.Build.0 = Release|Any CPU
		{FBD093C6-88A2-4A4B-BBA9-D25691F77DBA}.Release|x64.ActiveCfg = Release|Any CPU
		{FBD093C6-88A2-4A4B-BBA9-D25691F77DBA}.Release|x86.ActiveCfg = Release|Any CPU
		{FBD093C6-88A2-4A4B-BBA9-D25691F77DBA}.Silverlight2|Any CPU.ActiveCfg = CoreOnly|Any CPU
		{FBD093C6-88A2-4A4B-BBA9-D25691F77DBA}.Silverlight2|Any CPU.Build.0 = CoreOnly|Any CPU
		{FBD093C6-88A2-4A4B-BBA9-D25691F77DBA}.Silverlight2|ARM.ActiveCfg = CoreOnly|Any CPU
		{FBD093C6-88A2-4A4B-BBA9-D25691F77DBA}.Silverlight2|Mixed Platforms.ActiveCfg = CoreOnly|Any CPU
		{FBD093C6-88A2-4A4B-BBA9-D25691F77DBA}.Silverlight2|Mixed Platforms.Build.0 = CoreOnly|Any CPU
		{FBD093C6-88A2-4A4B-BBA9-D25691F77DBA}.Silverlight2|x64.ActiveCfg = CoreOnly|Any CPU
		{FBD093C6-88A2-4A4B-BBA9-D25691F77DBA}.Silverlight2|x86.ActiveCfg = CoreOnly|Any CPU
		{FBD093C6-88A2-4A4B-BBA9-D25691F77DBA}.Unity|Any CPU.ActiveCfg = CoreOnly|Any CPU
		{FBD093C6-88A2-4A4B-BBA9-D25691F77DBA}.Unity|Any CPU.Build.0 = CoreOnly|Any CPU
		{FBD093C6-88A2-4A4B-BBA9-D25691F77DBA}.Unity|ARM.ActiveCfg = CoreOnly|Any CPU
		{FBD093C6-88A2-4A4B-BBA9-D25691F77DBA}.Unity|Mixed Platforms.ActiveCfg = CoreOnly|Any CPU
		{FBD093C6-88A2-4A4B-BBA9-D25691F77DBA}.Unity|Mixed Platforms.Build.0 = CoreOnly|Any CPU
		{FBD093C6-88A2-4A4B-BBA9-D25691F77DBA}.Unity|x64.ActiveCfg = CoreOnly|Any CPU
		{FBD093C6-88A2-4A4B-BBA9-D25691F77DBA}.Unity|x86.ActiveCfg = CoreOnly|Any CPU
		{BBC5D1E9-894F-4F41-B188-B21A2C7668AA}.CoreOnly|Any CPU.ActiveCfg = Release|Any CPU
		{BBC5D1E9-894F-4F41-B188-B21A2C7668AA}.CoreOnly|Any CPU.Build.0 = Release|Any CPU
		{BBC5D1E9-894F-4F41-B188-B21A2C7668AA}.CoreOnly|ARM.ActiveCfg = Release|Any CPU
		{BBC5D1E9-894F-4F41-B188-B21A2C7668AA}.CoreOnly|Mixed Platforms.ActiveCfg = Release|Any CPU
		{BBC5D1E9-894F-4F41-B188-B21A2C7668AA}.CoreOnly|Mixed Platforms.Build.0 = Release|Any CPU
		{BBC5D1E9-894F-4F41-B188-B21A2C7668AA}.CoreOnly|x64.ActiveCfg = Release|Any CPU
		{BBC5D1E9-894F-4F41-B188-B21A2C7668AA}.CoreOnly|x86.ActiveCfg = Release|Any CPU
		{BBC5D1E9-894F-4F41-B188-B21A2C7668AA}.Debug|Any CPU.ActiveCfg = Debug|Any CPU
		{BBC5D1E9-894F-4F41-B188-B21A2C7668AA}.Debug|Any CPU.Build.0 = Debug|Any CPU
		{BBC5D1E9-894F-4F41-B188-B21A2C7668AA}.Debug|ARM.ActiveCfg = Debug|Any CPU
		{BBC5D1E9-894F-4F41-B188-B21A2C7668AA}.Debug|Mixed Platforms.ActiveCfg = Debug|Any CPU
		{BBC5D1E9-894F-4F41-B188-B21A2C7668AA}.Debug|Mixed Platforms.Build.0 = Debug|Any CPU
		{BBC5D1E9-894F-4F41-B188-B21A2C7668AA}.Debug|x64.ActiveCfg = Debug|Any CPU
		{BBC5D1E9-894F-4F41-B188-B21A2C7668AA}.Debug|x86.ActiveCfg = Debug|Any CPU
		{BBC5D1E9-894F-4F41-B188-B21A2C7668AA}.iOS|Any CPU.ActiveCfg = Release|Any CPU
		{BBC5D1E9-894F-4F41-B188-B21A2C7668AA}.iOS|Any CPU.Build.0 = Release|Any CPU
		{BBC5D1E9-894F-4F41-B188-B21A2C7668AA}.iOS|ARM.ActiveCfg = Release|Any CPU
		{BBC5D1E9-894F-4F41-B188-B21A2C7668AA}.iOS|Mixed Platforms.ActiveCfg = Release|Any CPU
		{BBC5D1E9-894F-4F41-B188-B21A2C7668AA}.iOS|Mixed Platforms.Build.0 = Release|Any CPU
		{BBC5D1E9-894F-4F41-B188-B21A2C7668AA}.iOS|x64.ActiveCfg = Release|Any CPU
		{BBC5D1E9-894F-4F41-B188-B21A2C7668AA}.iOS|x86.ActiveCfg = Release|Any CPU
		{BBC5D1E9-894F-4F41-B188-B21A2C7668AA}.Net20|Any CPU.ActiveCfg = Release|Any CPU
		{BBC5D1E9-894F-4F41-B188-B21A2C7668AA}.Net20|Any CPU.Build.0 = Release|Any CPU
		{BBC5D1E9-894F-4F41-B188-B21A2C7668AA}.Net20|ARM.ActiveCfg = Release|Any CPU
		{BBC5D1E9-894F-4F41-B188-B21A2C7668AA}.Net20|Mixed Platforms.ActiveCfg = Release|Any CPU
		{BBC5D1E9-894F-4F41-B188-B21A2C7668AA}.Net20|Mixed Platforms.Build.0 = Release|Any CPU
		{BBC5D1E9-894F-4F41-B188-B21A2C7668AA}.Net20|x64.ActiveCfg = Release|Any CPU
		{BBC5D1E9-894F-4F41-B188-B21A2C7668AA}.Net20|x86.ActiveCfg = Release|Any CPU
		{BBC5D1E9-894F-4F41-B188-B21A2C7668AA}.Profile|Any CPU.ActiveCfg = Release|Any CPU
		{BBC5D1E9-894F-4F41-B188-B21A2C7668AA}.Profile|Any CPU.Build.0 = Release|Any CPU
		{BBC5D1E9-894F-4F41-B188-B21A2C7668AA}.Profile|ARM.ActiveCfg = Release|Any CPU
		{BBC5D1E9-894F-4F41-B188-B21A2C7668AA}.Profile|Mixed Platforms.ActiveCfg = Release|Any CPU
		{BBC5D1E9-894F-4F41-B188-B21A2C7668AA}.Profile|Mixed Platforms.Build.0 = Release|Any CPU
		{BBC5D1E9-894F-4F41-B188-B21A2C7668AA}.Profile|x64.ActiveCfg = Release|Any CPU
		{BBC5D1E9-894F-4F41-B188-B21A2C7668AA}.Profile|x86.ActiveCfg = Release|Any CPU
		{BBC5D1E9-894F-4F41-B188-B21A2C7668AA}.Release|Any CPU.ActiveCfg = Release|Any CPU
		{BBC5D1E9-894F-4F41-B188-B21A2C7668AA}.Release|Any CPU.Build.0 = Release|Any CPU
		{BBC5D1E9-894F-4F41-B188-B21A2C7668AA}.Release|ARM.ActiveCfg = Release|Any CPU
		{BBC5D1E9-894F-4F41-B188-B21A2C7668AA}.Release|Mixed Platforms.ActiveCfg = Release|Any CPU
		{BBC5D1E9-894F-4F41-B188-B21A2C7668AA}.Release|Mixed Platforms.Build.0 = Release|Any CPU
		{BBC5D1E9-894F-4F41-B188-B21A2C7668AA}.Release|x64.ActiveCfg = Release|Any CPU
		{BBC5D1E9-894F-4F41-B188-B21A2C7668AA}.Release|x86.ActiveCfg = Release|Any CPU
		{BBC5D1E9-894F-4F41-B188-B21A2C7668AA}.Silverlight2|Any CPU.ActiveCfg = Release|Any CPU
		{BBC5D1E9-894F-4F41-B188-B21A2C7668AA}.Silverlight2|Any CPU.Build.0 = Release|Any CPU
		{BBC5D1E9-894F-4F41-B188-B21A2C7668AA}.Silverlight2|ARM.ActiveCfg = Release|Any CPU
		{BBC5D1E9-894F-4F41-B188-B21A2C7668AA}.Silverlight2|Mixed Platforms.ActiveCfg = Release|Any CPU
		{BBC5D1E9-894F-4F41-B188-B21A2C7668AA}.Silverlight2|Mixed Platforms.Build.0 = Release|Any CPU
		{BBC5D1E9-894F-4F41-B188-B21A2C7668AA}.Silverlight2|x64.ActiveCfg = Release|Any CPU
		{BBC5D1E9-894F-4F41-B188-B21A2C7668AA}.Silverlight2|x86.ActiveCfg = Release|Any CPU
		{BBC5D1E9-894F-4F41-B188-B21A2C7668AA}.Unity|Any CPU.ActiveCfg = Release|Any CPU
		{BBC5D1E9-894F-4F41-B188-B21A2C7668AA}.Unity|Any CPU.Build.0 = Release|Any CPU
		{BBC5D1E9-894F-4F41-B188-B21A2C7668AA}.Unity|ARM.ActiveCfg = Release|Any CPU
		{BBC5D1E9-894F-4F41-B188-B21A2C7668AA}.Unity|Mixed Platforms.ActiveCfg = Release|Any CPU
		{BBC5D1E9-894F-4F41-B188-B21A2C7668AA}.Unity|Mixed Platforms.Build.0 = Release|Any CPU
		{BBC5D1E9-894F-4F41-B188-B21A2C7668AA}.Unity|x64.ActiveCfg = Release|Any CPU
		{BBC5D1E9-894F-4F41-B188-B21A2C7668AA}.Unity|x86.ActiveCfg = Release|Any CPU
	EndGlobalSection
	GlobalSection(SolutionProperties) = preSolution
		HideSolutionNode = FALSE
	EndGlobalSection
	GlobalSection(NestedProjects) = preSolution
		{E769FD52-855E-4FD1-A3D5-C86209E4B692} = {A923E15B-C9C7-4A7A-8211-8AEDA2F3F68F}
		{8374E4D7-2A91-48F1-9360-09B09CF27C3F} = {A923E15B-C9C7-4A7A-8211-8AEDA2F3F68F}
		{65A793DB-49B9-4563-B028-BDF958A915CE} = {58597FF0-C3FC-4D16-9004-1CFBA924161C}
		{F6CBE303-3B5F-4CCC-B0B7-D81A6BD462C9} = {E769FD52-855E-4FD1-A3D5-C86209E4B692}
		{E1EB9E1A-8BC0-4DA8-983A-6896F523BEE3} = {E09E61AC-1C52-43EE-8C36-4BA33498EFE0}
		{927AB924-08B5-4629-B505-3BC78A61B0D6} = {A923E15B-C9C7-4A7A-8211-8AEDA2F3F68F}
		{C89574F5-DC36-41D7-8F83-4100C58A9441} = {A3717935-081E-4338-A50B-DCF0B28D7464}
		{7ABED973-7C99-4884-A2AE-96AF4658100C} = {A923E15B-C9C7-4A7A-8211-8AEDA2F3F68F}
		{8D53345D-C5D6-4510-8FDB-B6D8A63D65AE} = {A923E15B-C9C7-4A7A-8211-8AEDA2F3F68F}
		{78DC3F04-B2DA-47E6-98BE-84A6223D8FF6} = {E09E61AC-1C52-43EE-8C36-4BA33498EFE0}
		{2EA60052-319B-4079-8DA1-4D65853A9A76} = {A923E15B-C9C7-4A7A-8211-8AEDA2F3F68F}
		{FBD093C6-88A2-4A4B-BBA9-D25691F77DBA} = {A923E15B-C9C7-4A7A-8211-8AEDA2F3F68F}
		{BBC5D1E9-894F-4F41-B188-B21A2C7668AA} = {A923E15B-C9C7-4A7A-8211-8AEDA2F3F68F}
	EndGlobalSection
EndGlobal
